// !$*UTF8*$!
{
	archiveVersion = 1;
	classes = {
	};
	objectVersion = 46;
	objects = {

/* Begin PBXBuildFile section */
		DAED8F3E58ED75150BF4294C /* libPods-BaseProject.a in Frameworks */ = {isa = PBXBuildFile; fileRef = 99E626C724DB619C896024CC /* libPods-BaseProject.a */; };
		F709688A1E1DD99A00534EC2 /* BaseXibView.m in Sources */ = {isa = PBXBuildFile; fileRef = F70968891E1DD99A00534EC2 /* BaseXibView.m */; };
		F70968AE1E1DDA4E00534EC2 /* NSDictionary+Json.m in Sources */ = {isa = PBXBuildFile; fileRef = F70968921E1DDA4E00534EC2 /* NSDictionary+Json.m */; };
		F70968AF1E1DDA4E00534EC2 /* DateFormatter.m in Sources */ = {isa = PBXBuildFile; fileRef = F70968951E1DDA4E00534EC2 /* DateFormatter.m */; };
		F70968B01E1DDA4E00534EC2 /* NSObject+Json.m in Sources */ = {isa = PBXBuildFile; fileRef = F70968971E1DDA4E00534EC2 /* NSObject+Json.m */; };
		F70968B11E1DDA4E00534EC2 /* NSPredicate+Extension.m in Sources */ = {isa = PBXBuildFile; fileRef = F709689A1E1DDA4E00534EC2 /* NSPredicate+Extension.m */; };
		F70968B21E1DDA4E00534EC2 /* NSString+Extension.m in Sources */ = {isa = PBXBuildFile; fileRef = F709689D1E1DDA4E00534EC2 /* NSString+Extension.m */; };
		F70968B31E1DDA4E00534EC2 /* NSString+Tools.m in Sources */ = {isa = PBXBuildFile; fileRef = F709689F1E1DDA4E00534EC2 /* NSString+Tools.m */; };
		F70968B41E1DDA4E00534EC2 /* UIBarButtonItem+Extension.m in Sources */ = {isa = PBXBuildFile; fileRef = F70968A31E1DDA4E00534EC2 /* UIBarButtonItem+Extension.m */; };
		F70968B51E1DDA4E00534EC2 /* UIImage+Extension.m in Sources */ = {isa = PBXBuildFile; fileRef = F70968A61E1DDA4E00534EC2 /* UIImage+Extension.m */; };
		F70968B61E1DDA4E00534EC2 /* UIScrollView+AllowPanGestureEventPass.m in Sources */ = {isa = PBXBuildFile; fileRef = F70968A91E1DDA4E00534EC2 /* UIScrollView+AllowPanGestureEventPass.m */; };
		F70968B71E1DDA4E00534EC2 /* UIViewController+runtime.m in Sources */ = {isa = PBXBuildFile; fileRef = F70968AC1E1DDA4E00534EC2 /* UIViewController+runtime.m */; };
		F70968BF1E1DDD5E00534EC2 /* BaseViewController.m in Sources */ = {isa = PBXBuildFile; fileRef = F70968BA1E1DDD5E00534EC2 /* BaseViewController.m */; };
		F70968C01E1DDD5E00534EC2 /* NavigationController.m in Sources */ = {isa = PBXBuildFile; fileRef = F70968BC1E1DDD5E00534EC2 /* NavigationController.m */; };
		F70968C11E1DDD5E00534EC2 /* TabBarController.m in Sources */ = {isa = PBXBuildFile; fileRef = F70968BE1E1DDD5E00534EC2 /* TabBarController.m */; };
		F70969201E1DDF4200534EC2 /* WMYActionSheet.m in Sources */ = {isa = PBXBuildFile; fileRef = F70969121E1DDF4200534EC2 /* WMYActionSheet.m */; };
		F70969211E1DDF4200534EC2 /* WMYAlert.m in Sources */ = {isa = PBXBuildFile; fileRef = F70969141E1DDF4200534EC2 /* WMYAlert.m */; };
		F70969231E1DDF4200534EC2 /* PickerView.m in Sources */ = {isa = PBXBuildFile; fileRef = F70969191E1DDF4200534EC2 /* PickerView.m */; };
		F70969241E1DDF4200534EC2 /* ProgressView.m in Sources */ = {isa = PBXBuildFile; fileRef = F709691C1E1DDF4200534EC2 /* ProgressView.m */; };
		F70969251E1DDF4200534EC2 /* SegmentedControl.m in Sources */ = {isa = PBXBuildFile; fileRef = F709691F1E1DDF4200534EC2 /* SegmentedControl.m */; };
		F70969291E1DE03100534EC2 /* MsgPlaySound.m in Sources */ = {isa = PBXBuildFile; fileRef = F70969281E1DE03100534EC2 /* MsgPlaySound.m */; };
		F709692F1E1DE13B00534EC2 /* LocalNotifManager.m in Sources */ = {isa = PBXBuildFile; fileRef = F709692C1E1DE13B00534EC2 /* LocalNotifManager.m */; };
		F70969301E1DE13B00534EC2 /* WMYNotifHUD.m in Sources */ = {isa = PBXBuildFile; fileRef = F709692E1E1DE13B00534EC2 /* WMYNotifHUD.m */; };
		F70969341E1DE17900534EC2 /* BadgeButton.m in Sources */ = {isa = PBXBuildFile; fileRef = F70969331E1DE17900534EC2 /* BadgeButton.m */; };
		F70969371E1DE1D700534EC2 /* WMYDatePicker.m in Sources */ = {isa = PBXBuildFile; fileRef = F70969361E1DE1D700534EC2 /* WMYDatePicker.m */; };
		F709693B1E1DE1F400534EC2 /* WMYWaveView.m in Sources */ = {isa = PBXBuildFile; fileRef = F709693A1E1DE1F400534EC2 /* WMYWaveView.m */; };
		F709693F1E1DE26300534EC2 /* ProgressHUD.m in Sources */ = {isa = PBXBuildFile; fileRef = F709693E1E1DE26300534EC2 /* ProgressHUD.m */; };
		F70969641E1DEA1200534EC2 /* DataInit.m in Sources */ = {isa = PBXBuildFile; fileRef = F70969611E1DEA1200534EC2 /* DataInit.m */; };
		F70969651E1DEA1200534EC2 /* ThirdPartService.m in Sources */ = {isa = PBXBuildFile; fileRef = F70969631E1DEA1200534EC2 /* ThirdPartService.m */; };
		F73B3CDF1E1B4E33001AB7C7 /* GuideViewController.m in Sources */ = {isa = PBXBuildFile; fileRef = F73B3CDD1E1B4E33001AB7C7 /* GuideViewController.m */; };
		F73B3CE01E1B4E33001AB7C7 /* GuideViewController.xib in Resources */ = {isa = PBXBuildFile; fileRef = F73B3CDE1E1B4E33001AB7C7 /* GuideViewController.xib */; };
		F76E01051E1654100053C7A9 /* Tools.m in Sources */ = {isa = PBXBuildFile; fileRef = F76E01041E1654100053C7A9 /* Tools.m */; };
		F76E01081E1654190053C7A9 /* DocManager.m in Sources */ = {isa = PBXBuildFile; fileRef = F76E01071E1654190053C7A9 /* DocManager.m */; };
		F76E01131E1654A80053C7A9 /* SideViewController.m in Sources */ = {isa = PBXBuildFile; fileRef = F76E01111E1654A80053C7A9 /* SideViewController.m */; };
		F76E01141E1654A80053C7A9 /* SideViewController.xib in Resources */ = {isa = PBXBuildFile; fileRef = F76E01121E1654A80053C7A9 /* SideViewController.xib */; };
		F76E01181E1654B60053C7A9 /* LoginViewController.m in Sources */ = {isa = PBXBuildFile; fileRef = F76E01161E1654B60053C7A9 /* LoginViewController.m */; };
		F76E01191E1654B60053C7A9 /* LoginViewController.xib in Resources */ = {isa = PBXBuildFile; fileRef = F76E01171E1654B60053C7A9 /* LoginViewController.xib */; };
		F77CF6681DD591F10080EEB1 /* main.m in Sources */ = {isa = PBXBuildFile; fileRef = F77CF6671DD591F10080EEB1 /* main.m */; };
		F77CF66B1DD591F10080EEB1 /* AppDelegate.m in Sources */ = {isa = PBXBuildFile; fileRef = F77CF66A1DD591F10080EEB1 /* AppDelegate.m */; };
		F77CF6711DD591F10080EEB1 /* Main.storyboard in Resources */ = {isa = PBXBuildFile; fileRef = F77CF66F1DD591F10080EEB1 /* Main.storyboard */; };
		F77CF6731DD591F10080EEB1 /* Assets.xcassets in Resources */ = {isa = PBXBuildFile; fileRef = F77CF6721DD591F10080EEB1 /* Assets.xcassets */; };
		F77CF6761DD591F10080EEB1 /* LaunchScreen.storyboard in Resources */ = {isa = PBXBuildFile; fileRef = F77CF6741DD591F10080EEB1 /* LaunchScreen.storyboard */; };
		F781C64B1E1A899C00C1ADD6 /* UserDefaultsKey.m in Sources */ = {isa = PBXBuildFile; fileRef = F781C64A1E1A899C00C1ADD6 /* UserDefaultsKey.m */; };
		F781C6521E1A8B0A00C1ADD6 /* NotificationKey.m in Sources */ = {isa = PBXBuildFile; fileRef = F781C6511E1A8B0A00C1ADD6 /* NotificationKey.m */; };
		F7F8449F1E1CCDF700BCE157 /* StartInitialization.m in Sources */ = {isa = PBXBuildFile; fileRef = F7F8449E1E1CCDF700BCE157 /* StartInitialization.m */; };
		F7F844A51E1CD67C00BCE157 /* LeftViewController.m in Sources */ = {isa = PBXBuildFile; fileRef = F7F844A31E1CD67C00BCE157 /* LeftViewController.m */; };
		F7F844A61E1CD67C00BCE157 /* LeftViewController.xib in Resources */ = {isa = PBXBuildFile; fileRef = F7F844A41E1CD67C00BCE157 /* LeftViewController.xib */; };
		F7F844AA1E1CD68700BCE157 /* RightViewController.m in Sources */ = {isa = PBXBuildFile; fileRef = F7F844A81E1CD68700BCE157 /* RightViewController.m */; };
		F7F844AB1E1CD68700BCE157 /* RightViewController.xib in Resources */ = {isa = PBXBuildFile; fileRef = F7F844A91E1CD68700BCE157 /* RightViewController.xib */; };
		F7F844B01E1CE02600BCE157 /* RootViewController.m in Sources */ = {isa = PBXBuildFile; fileRef = F7F844AE1E1CE02600BCE157 /* RootViewController.m */; };
		F7F844B11E1CE02600BCE157 /* RootViewController.xib in Resources */ = {isa = PBXBuildFile; fileRef = F7F844AF1E1CE02600BCE157 /* RootViewController.xib */; };
		F7F844C11E1CE54E00BCE157 /* LoadViewController.m in Sources */ = {isa = PBXBuildFile; fileRef = F7F844BF1E1CE54E00BCE157 /* LoadViewController.m */; };
		F7F844C21E1CE54E00BCE157 /* LoadViewController.xib in Resources */ = {isa = PBXBuildFile; fileRef = F7F844C01E1CE54E00BCE157 /* LoadViewController.xib */; };
		F7F844C61E1CE55F00BCE157 /* AlbumViewController.m in Sources */ = {isa = PBXBuildFile; fileRef = F7F844C41E1CE55F00BCE157 /* AlbumViewController.m */; };
		F7F844C71E1CE55F00BCE157 /* AlbumViewController.xib in Resources */ = {isa = PBXBuildFile; fileRef = F7F844C51E1CE55F00BCE157 /* AlbumViewController.xib */; };
		F7F844D11E1CE59D00BCE157 /* FileManagerViewController.m in Sources */ = {isa = PBXBuildFile; fileRef = F7F844CF1E1CE59D00BCE157 /* FileManagerViewController.m */; };
		F7F844D21E1CE59D00BCE157 /* FileManagerViewController.xib in Resources */ = {isa = PBXBuildFile; fileRef = F7F844D01E1CE59D00BCE157 /* FileManagerViewController.xib */; };
		F7F844D61E1CE5C100BCE157 /* CloudViewController.m in Sources */ = {isa = PBXBuildFile; fileRef = F7F844D41E1CE5C100BCE157 /* CloudViewController.m */; };
		F7F844D71E1CE5C100BCE157 /* CloudViewController.xib in Resources */ = {isa = PBXBuildFile; fileRef = F7F844D51E1CE5C100BCE157 /* CloudViewController.xib */; };
/* End PBXBuildFile section */

/* Begin PBXFileReference section */
		667EFADBAD339FC09AC892CE /* Pods-BaseProject.debug.xcconfig */ = {isa = PBXFileReference; includeInIndex = 1; lastKnownFileType = text.xcconfig; name = "Pods-BaseProject.debug.xcconfig"; path = "Pods/Target Support Files/Pods-BaseProject/Pods-BaseProject.debug.xcconfig"; sourceTree = "<group>"; };
		99E626C724DB619C896024CC /* libPods-BaseProject.a */ = {isa = PBXFileReference; explicitFileType = archive.ar; includeInIndex = 0; path = "libPods-BaseProject.a"; sourceTree = BUILT_PRODUCTS_DIR; };
		F0B00F118DB07C7E5900A55D /* Pods-BaseProject.release.xcconfig */ = {isa = PBXFileReference; includeInIndex = 1; lastKnownFileType = text.xcconfig; name = "Pods-BaseProject.release.xcconfig"; path = "Pods/Target Support Files/Pods-BaseProject/Pods-BaseProject.release.xcconfig"; sourceTree = "<group>"; };
		F70968881E1DD99A00534EC2 /* BaseXibView.h */ = {isa = PBXFileReference; fileEncoding = 4; lastKnownFileType = sourcecode.c.h; path = BaseXibView.h; sourceTree = "<group>"; };
		F70968891E1DD99A00534EC2 /* BaseXibView.m */ = {isa = PBXFileReference; fileEncoding = 4; lastKnownFileType = sourcecode.c.objc; path = BaseXibView.m; sourceTree = "<group>"; };
		F709688B1E1DDA4E00534EC2 /* CategoryHeader.h */ = {isa = PBXFileReference; fileEncoding = 4; lastKnownFileType = sourcecode.c.h; path = CategoryHeader.h; sourceTree = "<group>"; };
		F70968911E1DDA4E00534EC2 /* NSDictionary+Json.h */ = {isa = PBXFileReference; fileEncoding = 4; lastKnownFileType = sourcecode.c.h; path = "NSDictionary+Json.h"; sourceTree = "<group>"; };
		F70968921E1DDA4E00534EC2 /* NSDictionary+Json.m */ = {isa = PBXFileReference; fileEncoding = 4; lastKnownFileType = sourcecode.c.objc; path = "NSDictionary+Json.m"; sourceTree = "<group>"; };
		F70968941E1DDA4E00534EC2 /* DateFormatter.h */ = {isa = PBXFileReference; fileEncoding = 4; lastKnownFileType = sourcecode.c.h; path = DateFormatter.h; sourceTree = "<group>"; };
		F70968951E1DDA4E00534EC2 /* DateFormatter.m */ = {isa = PBXFileReference; fileEncoding = 4; lastKnownFileType = sourcecode.c.objc; path = DateFormatter.m; sourceTree = "<group>"; };
		F70968961E1DDA4E00534EC2 /* NSObject+Json.h */ = {isa = PBXFileReference; fileEncoding = 4; lastKnownFileType = sourcecode.c.h; path = "NSObject+Json.h"; sourceTree = "<group>"; };
		F70968971E1DDA4E00534EC2 /* NSObject+Json.m */ = {isa = PBXFileReference; fileEncoding = 4; lastKnownFileType = sourcecode.c.objc; path = "NSObject+Json.m"; sourceTree = "<group>"; };
		F70968991E1DDA4E00534EC2 /* NSPredicate+Extension.h */ = {isa = PBXFileReference; fileEncoding = 4; lastKnownFileType = sourcecode.c.h; path = "NSPredicate+Extension.h"; sourceTree = "<group>"; };
		F709689A1E1DDA4E00534EC2 /* NSPredicate+Extension.m */ = {isa = PBXFileReference; fileEncoding = 4; lastKnownFileType = sourcecode.c.objc; path = "NSPredicate+Extension.m"; sourceTree = "<group>"; };
		F709689C1E1DDA4E00534EC2 /* NSString+Extension.h */ = {isa = PBXFileReference; fileEncoding = 4; lastKnownFileType = sourcecode.c.h; path = "NSString+Extension.h"; sourceTree = "<group>"; };
		F709689D1E1DDA4E00534EC2 /* NSString+Extension.m */ = {isa = PBXFileReference; fileEncoding = 4; lastKnownFileType = sourcecode.c.objc; path = "NSString+Extension.m"; sourceTree = "<group>"; };
		F709689E1E1DDA4E00534EC2 /* NSString+Tools.h */ = {isa = PBXFileReference; fileEncoding = 4; lastKnownFileType = sourcecode.c.h; path = "NSString+Tools.h"; sourceTree = "<group>"; };
		F709689F1E1DDA4E00534EC2 /* NSString+Tools.m */ = {isa = PBXFileReference; fileEncoding = 4; lastKnownFileType = sourcecode.c.objc; path = "NSString+Tools.m"; sourceTree = "<group>"; };
		F70968A21E1DDA4E00534EC2 /* UIBarButtonItem+Extension.h */ = {isa = PBXFileReference; fileEncoding = 4; lastKnownFileType = sourcecode.c.h; path = "UIBarButtonItem+Extension.h"; sourceTree = "<group>"; };
		F70968A31E1DDA4E00534EC2 /* UIBarButtonItem+Extension.m */ = {isa = PBXFileReference; fileEncoding = 4; lastKnownFileType = sourcecode.c.objc; path = "UIBarButtonItem+Extension.m"; sourceTree = "<group>"; };
		F70968A51E1DDA4E00534EC2 /* UIImage+Extension.h */ = {isa = PBXFileReference; fileEncoding = 4; lastKnownFileType = sourcecode.c.h; path = "UIImage+Extension.h"; sourceTree = "<group>"; };
		F70968A61E1DDA4E00534EC2 /* UIImage+Extension.m */ = {isa = PBXFileReference; fileEncoding = 4; lastKnownFileType = sourcecode.c.objc; path = "UIImage+Extension.m"; sourceTree = "<group>"; };
		F70968A81E1DDA4E00534EC2 /* UIScrollView+AllowPanGestureEventPass.h */ = {isa = PBXFileReference; fileEncoding = 4; lastKnownFileType = sourcecode.c.h; path = "UIScrollView+AllowPanGestureEventPass.h"; sourceTree = "<group>"; };
		F70968A91E1DDA4E00534EC2 /* UIScrollView+AllowPanGestureEventPass.m */ = {isa = PBXFileReference; fileEncoding = 4; lastKnownFileType = sourcecode.c.objc; path = "UIScrollView+AllowPanGestureEventPass.m"; sourceTree = "<group>"; };
		F70968AB1E1DDA4E00534EC2 /* UIViewController+runtime.h */ = {isa = PBXFileReference; fileEncoding = 4; lastKnownFileType = sourcecode.c.h; path = "UIViewController+runtime.h"; sourceTree = "<group>"; };
		F70968AC1E1DDA4E00534EC2 /* UIViewController+runtime.m */ = {isa = PBXFileReference; fileEncoding = 4; lastKnownFileType = sourcecode.c.objc; path = "UIViewController+runtime.m"; sourceTree = "<group>"; };
		F70968B91E1DDD5E00534EC2 /* BaseViewController.h */ = {isa = PBXFileReference; fileEncoding = 4; lastKnownFileType = sourcecode.c.h; path = BaseViewController.h; sourceTree = "<group>"; };
		F70968BA1E1DDD5E00534EC2 /* BaseViewController.m */ = {isa = PBXFileReference; fileEncoding = 4; lastKnownFileType = sourcecode.c.objc; path = BaseViewController.m; sourceTree = "<group>"; };
		F70968BB1E1DDD5E00534EC2 /* NavigationController.h */ = {isa = PBXFileReference; fileEncoding = 4; lastKnownFileType = sourcecode.c.h; path = NavigationController.h; sourceTree = "<group>"; };
		F70968BC1E1DDD5E00534EC2 /* NavigationController.m */ = {isa = PBXFileReference; fileEncoding = 4; lastKnownFileType = sourcecode.c.objc; path = NavigationController.m; sourceTree = "<group>"; };
		F70968BD1E1DDD5E00534EC2 /* TabBarController.h */ = {isa = PBXFileReference; fileEncoding = 4; lastKnownFileType = sourcecode.c.h; path = TabBarController.h; sourceTree = "<group>"; };
		F70968BE1E1DDD5E00534EC2 /* TabBarController.m */ = {isa = PBXFileReference; fileEncoding = 4; lastKnownFileType = sourcecode.c.objc; path = TabBarController.m; sourceTree = "<group>"; };
		F70969111E1DDF4200534EC2 /* WMYActionSheet.h */ = {isa = PBXFileReference; fileEncoding = 4; lastKnownFileType = sourcecode.c.h; path = WMYActionSheet.h; sourceTree = "<group>"; };
		F70969121E1DDF4200534EC2 /* WMYActionSheet.m */ = {isa = PBXFileReference; fileEncoding = 4; lastKnownFileType = sourcecode.c.objc; path = WMYActionSheet.m; sourceTree = "<group>"; };
		F70969131E1DDF4200534EC2 /* WMYAlert.h */ = {isa = PBXFileReference; fileEncoding = 4; lastKnownFileType = sourcecode.c.h; path = WMYAlert.h; sourceTree = "<group>"; };
		F70969141E1DDF4200534EC2 /* WMYAlert.m */ = {isa = PBXFileReference; fileEncoding = 4; lastKnownFileType = sourcecode.c.objc; path = WMYAlert.m; sourceTree = "<group>"; };
		F70969181E1DDF4200534EC2 /* PickerView.h */ = {isa = PBXFileReference; fileEncoding = 4; lastKnownFileType = sourcecode.c.h; path = PickerView.h; sourceTree = "<group>"; };
		F70969191E1DDF4200534EC2 /* PickerView.m */ = {isa = PBXFileReference; fileEncoding = 4; lastKnownFileType = sourcecode.c.objc; path = PickerView.m; sourceTree = "<group>"; };
		F709691B1E1DDF4200534EC2 /* ProgressView.h */ = {isa = PBXFileReference; fileEncoding = 4; lastKnownFileType = sourcecode.c.h; path = ProgressView.h; sourceTree = "<group>"; };
		F709691C1E1DDF4200534EC2 /* ProgressView.m */ = {isa = PBXFileReference; fileEncoding = 4; lastKnownFileType = sourcecode.c.objc; path = ProgressView.m; sourceTree = "<group>"; };
		F709691E1E1DDF4200534EC2 /* SegmentedControl.h */ = {isa = PBXFileReference; fileEncoding = 4; lastKnownFileType = sourcecode.c.h; path = SegmentedControl.h; sourceTree = "<group>"; };
		F709691F1E1DDF4200534EC2 /* SegmentedControl.m */ = {isa = PBXFileReference; fileEncoding = 4; lastKnownFileType = sourcecode.c.objc; path = SegmentedControl.m; sourceTree = "<group>"; };
		F70969271E1DE03100534EC2 /* MsgPlaySound.h */ = {isa = PBXFileReference; fileEncoding = 4; lastKnownFileType = sourcecode.c.h; path = MsgPlaySound.h; sourceTree = "<group>"; };
		F70969281E1DE03100534EC2 /* MsgPlaySound.m */ = {isa = PBXFileReference; fileEncoding = 4; lastKnownFileType = sourcecode.c.objc; path = MsgPlaySound.m; sourceTree = "<group>"; };
		F709692B1E1DE13B00534EC2 /* LocalNotifManager.h */ = {isa = PBXFileReference; fileEncoding = 4; lastKnownFileType = sourcecode.c.h; path = LocalNotifManager.h; sourceTree = "<group>"; };
		F709692C1E1DE13B00534EC2 /* LocalNotifManager.m */ = {isa = PBXFileReference; fileEncoding = 4; lastKnownFileType = sourcecode.c.objc; path = LocalNotifManager.m; sourceTree = "<group>"; };
		F709692D1E1DE13B00534EC2 /* WMYNotifHUD.h */ = {isa = PBXFileReference; fileEncoding = 4; lastKnownFileType = sourcecode.c.h; path = WMYNotifHUD.h; sourceTree = "<group>"; };
		F709692E1E1DE13B00534EC2 /* WMYNotifHUD.m */ = {isa = PBXFileReference; fileEncoding = 4; lastKnownFileType = sourcecode.c.objc; path = WMYNotifHUD.m; sourceTree = "<group>"; };
		F70969321E1DE17900534EC2 /* BadgeButton.h */ = {isa = PBXFileReference; fileEncoding = 4; lastKnownFileType = sourcecode.c.h; path = BadgeButton.h; sourceTree = "<group>"; };
		F70969331E1DE17900534EC2 /* BadgeButton.m */ = {isa = PBXFileReference; fileEncoding = 4; lastKnownFileType = sourcecode.c.objc; path = BadgeButton.m; sourceTree = "<group>"; };
		F70969351E1DE1D700534EC2 /* WMYDatePicker.h */ = {isa = PBXFileReference; fileEncoding = 4; lastKnownFileType = sourcecode.c.h; path = WMYDatePicker.h; sourceTree = "<group>"; };
		F70969361E1DE1D700534EC2 /* WMYDatePicker.m */ = {isa = PBXFileReference; fileEncoding = 4; lastKnownFileType = sourcecode.c.objc; path = WMYDatePicker.m; sourceTree = "<group>"; };
		F70969391E1DE1F400534EC2 /* WMYWaveView.h */ = {isa = PBXFileReference; fileEncoding = 4; lastKnownFileType = sourcecode.c.h; path = WMYWaveView.h; sourceTree = "<group>"; };
		F709693A1E1DE1F400534EC2 /* WMYWaveView.m */ = {isa = PBXFileReference; fileEncoding = 4; lastKnownFileType = sourcecode.c.objc; path = WMYWaveView.m; sourceTree = "<group>"; };
		F709693D1E1DE26300534EC2 /* ProgressHUD.h */ = {isa = PBXFileReference; fileEncoding = 4; lastKnownFileType = sourcecode.c.h; path = ProgressHUD.h; sourceTree = "<group>"; };
		F709693E1E1DE26300534EC2 /* ProgressHUD.m */ = {isa = PBXFileReference; fileEncoding = 4; lastKnownFileType = sourcecode.c.objc; path = ProgressHUD.m; sourceTree = "<group>"; };
		F70969601E1DEA1200534EC2 /* DataInit.h */ = {isa = PBXFileReference; fileEncoding = 4; lastKnownFileType = sourcecode.c.h; path = DataInit.h; sourceTree = "<group>"; };
		F70969611E1DEA1200534EC2 /* DataInit.m */ = {isa = PBXFileReference; fileEncoding = 4; lastKnownFileType = sourcecode.c.objc; path = DataInit.m; sourceTree = "<group>"; };
		F70969621E1DEA1200534EC2 /* ThirdPartService.h */ = {isa = PBXFileReference; fileEncoding = 4; lastKnownFileType = sourcecode.c.h; path = ThirdPartService.h; sourceTree = "<group>"; };
		F70969631E1DEA1200534EC2 /* ThirdPartService.m */ = {isa = PBXFileReference; fileEncoding = 4; lastKnownFileType = sourcecode.c.objc; path = ThirdPartService.m; sourceTree = "<group>"; };
		F73B3CDC1E1B4E33001AB7C7 /* GuideViewController.h */ = {isa = PBXFileReference; fileEncoding = 4; lastKnownFileType = sourcecode.c.h; path = GuideViewController.h; sourceTree = "<group>"; };
		F73B3CDD1E1B4E33001AB7C7 /* GuideViewController.m */ = {isa = PBXFileReference; fileEncoding = 4; lastKnownFileType = sourcecode.c.objc; path = GuideViewController.m; sourceTree = "<group>"; };
		F73B3CDE1E1B4E33001AB7C7 /* GuideViewController.xib */ = {isa = PBXFileReference; fileEncoding = 4; lastKnownFileType = file.xib; path = GuideViewController.xib; sourceTree = "<group>"; };
		F76E01011E1653570053C7A9 /* AppDefine.h */ = {isa = PBXFileReference; lastKnownFileType = sourcecode.c.h; path = AppDefine.h; sourceTree = "<group>"; };
		F76E01031E1654100053C7A9 /* Tools.h */ = {isa = PBXFileReference; fileEncoding = 4; lastKnownFileType = sourcecode.c.h; path = Tools.h; sourceTree = "<group>"; };
		F76E01041E1654100053C7A9 /* Tools.m */ = {isa = PBXFileReference; fileEncoding = 4; lastKnownFileType = sourcecode.c.objc; path = Tools.m; sourceTree = "<group>"; };
		F76E01061E1654190053C7A9 /* DocManager.h */ = {isa = PBXFileReference; fileEncoding = 4; lastKnownFileType = sourcecode.c.h; path = DocManager.h; sourceTree = "<group>"; };
		F76E01071E1654190053C7A9 /* DocManager.m */ = {isa = PBXFileReference; fileEncoding = 4; lastKnownFileType = sourcecode.c.objc; path = DocManager.m; sourceTree = "<group>"; };
		F76E01091E1654680053C7A9 /* DatabaseHeader.h */ = {isa = PBXFileReference; lastKnownFileType = sourcecode.c.h; path = DatabaseHeader.h; sourceTree = "<group>"; };
		F76E010A1E1654780053C7A9 /* NetworkingHeader.h */ = {isa = PBXFileReference; lastKnownFileType = sourcecode.c.h; path = NetworkingHeader.h; sourceTree = "<group>"; };
		F76E01101E1654A80053C7A9 /* SideViewController.h */ = {isa = PBXFileReference; fileEncoding = 4; lastKnownFileType = sourcecode.c.h; path = SideViewController.h; sourceTree = "<group>"; };
		F76E01111E1654A80053C7A9 /* SideViewController.m */ = {isa = PBXFileReference; fileEncoding = 4; lastKnownFileType = sourcecode.c.objc; path = SideViewController.m; sourceTree = "<group>"; };
		F76E01121E1654A80053C7A9 /* SideViewController.xib */ = {isa = PBXFileReference; fileEncoding = 4; lastKnownFileType = file.xib; path = SideViewController.xib; sourceTree = "<group>"; };
		F76E01151E1654B60053C7A9 /* LoginViewController.h */ = {isa = PBXFileReference; fileEncoding = 4; lastKnownFileType = sourcecode.c.h; path = LoginViewController.h; sourceTree = "<group>"; };
		F76E01161E1654B60053C7A9 /* LoginViewController.m */ = {isa = PBXFileReference; fileEncoding = 4; lastKnownFileType = sourcecode.c.objc; path = LoginViewController.m; sourceTree = "<group>"; };
		F76E01171E1654B60053C7A9 /* LoginViewController.xib */ = {isa = PBXFileReference; fileEncoding = 4; lastKnownFileType = file.xib; path = LoginViewController.xib; sourceTree = "<group>"; };
		F76E01271E1666150053C7A9 /* PrefixHeader.pch */ = {isa = PBXFileReference; lastKnownFileType = sourcecode.c.h; path = PrefixHeader.pch; sourceTree = "<group>"; };
		F77CF6631DD591F10080EEB1 /* BaseProject.app */ = {isa = PBXFileReference; explicitFileType = wrapper.application; includeInIndex = 0; path = BaseProject.app; sourceTree = BUILT_PRODUCTS_DIR; };
		F77CF6671DD591F10080EEB1 /* main.m */ = {isa = PBXFileReference; lastKnownFileType = sourcecode.c.objc; path = main.m; sourceTree = "<group>"; };
		F77CF6691DD591F10080EEB1 /* AppDelegate.h */ = {isa = PBXFileReference; lastKnownFileType = sourcecode.c.h; path = AppDelegate.h; sourceTree = "<group>"; };
		F77CF66A1DD591F10080EEB1 /* AppDelegate.m */ = {isa = PBXFileReference; lastKnownFileType = sourcecode.c.objc; path = AppDelegate.m; sourceTree = "<group>"; };
		F77CF6701DD591F10080EEB1 /* Base */ = {isa = PBXFileReference; lastKnownFileType = file.storyboard; name = Base; path = Base.lproj/Main.storyboard; sourceTree = "<group>"; };
		F77CF6721DD591F10080EEB1 /* Assets.xcassets */ = {isa = PBXFileReference; lastKnownFileType = folder.assetcatalog; path = Assets.xcassets; sourceTree = "<group>"; };
		F77CF6751DD591F10080EEB1 /* Base */ = {isa = PBXFileReference; lastKnownFileType = file.storyboard; name = Base; path = Base.lproj/LaunchScreen.storyboard; sourceTree = "<group>"; };
		F77CF6771DD591F10080EEB1 /* Info.plist */ = {isa = PBXFileReference; lastKnownFileType = text.plist.xml; path = Info.plist; sourceTree = "<group>"; };
		F781C6471E1A897400C1ADD6 /* ApiKey.h */ = {isa = PBXFileReference; lastKnownFileType = sourcecode.c.h; path = ApiKey.h; sourceTree = "<group>"; };
		F781C6481E1A897E00C1ADD6 /* HttpDefine.h */ = {isa = PBXFileReference; lastKnownFileType = sourcecode.c.h; path = HttpDefine.h; sourceTree = "<group>"; };
		F781C6491E1A899C00C1ADD6 /* UserDefaultsKey.h */ = {isa = PBXFileReference; fileEncoding = 4; lastKnownFileType = sourcecode.c.h; path = UserDefaultsKey.h; sourceTree = "<group>"; };
		F781C64A1E1A899C00C1ADD6 /* UserDefaultsKey.m */ = {isa = PBXFileReference; fileEncoding = 4; lastKnownFileType = sourcecode.c.objc; path = UserDefaultsKey.m; sourceTree = "<group>"; };
		F781C64F1E1A8ACF00C1ADD6 /* ConstHeader.h */ = {isa = PBXFileReference; lastKnownFileType = sourcecode.c.h; path = ConstHeader.h; sourceTree = "<group>"; };
		F781C6501E1A8B0A00C1ADD6 /* NotificationKey.h */ = {isa = PBXFileReference; fileEncoding = 4; lastKnownFileType = sourcecode.c.h; path = NotificationKey.h; sourceTree = "<group>"; };
		F781C6511E1A8B0A00C1ADD6 /* NotificationKey.m */ = {isa = PBXFileReference; fileEncoding = 4; lastKnownFileType = sourcecode.c.objc; path = NotificationKey.m; sourceTree = "<group>"; };
		F7F8449D1E1CCDF700BCE157 /* StartInitialization.h */ = {isa = PBXFileReference; fileEncoding = 4; lastKnownFileType = sourcecode.c.h; path = StartInitialization.h; sourceTree = "<group>"; };
		F7F8449E1E1CCDF700BCE157 /* StartInitialization.m */ = {isa = PBXFileReference; fileEncoding = 4; lastKnownFileType = sourcecode.c.objc; path = StartInitialization.m; sourceTree = "<group>"; };
		F7F844A21E1CD67C00BCE157 /* LeftViewController.h */ = {isa = PBXFileReference; fileEncoding = 4; lastKnownFileType = sourcecode.c.h; path = LeftViewController.h; sourceTree = "<group>"; };
		F7F844A31E1CD67C00BCE157 /* LeftViewController.m */ = {isa = PBXFileReference; fileEncoding = 4; lastKnownFileType = sourcecode.c.objc; path = LeftViewController.m; sourceTree = "<group>"; };
		F7F844A41E1CD67C00BCE157 /* LeftViewController.xib */ = {isa = PBXFileReference; fileEncoding = 4; lastKnownFileType = file.xib; path = LeftViewController.xib; sourceTree = "<group>"; };
		F7F844A71E1CD68700BCE157 /* RightViewController.h */ = {isa = PBXFileReference; fileEncoding = 4; lastKnownFileType = sourcecode.c.h; path = RightViewController.h; sourceTree = "<group>"; };
		F7F844A81E1CD68700BCE157 /* RightViewController.m */ = {isa = PBXFileReference; fileEncoding = 4; lastKnownFileType = sourcecode.c.objc; path = RightViewController.m; sourceTree = "<group>"; };
		F7F844A91E1CD68700BCE157 /* RightViewController.xib */ = {isa = PBXFileReference; fileEncoding = 4; lastKnownFileType = file.xib; path = RightViewController.xib; sourceTree = "<group>"; };
		F7F844AD1E1CE02600BCE157 /* RootViewController.h */ = {isa = PBXFileReference; fileEncoding = 4; lastKnownFileType = sourcecode.c.h; path = RootViewController.h; sourceTree = "<group>"; };
		F7F844AE1E1CE02600BCE157 /* RootViewController.m */ = {isa = PBXFileReference; fileEncoding = 4; lastKnownFileType = sourcecode.c.objc; path = RootViewController.m; sourceTree = "<group>"; };
		F7F844AF1E1CE02600BCE157 /* RootViewController.xib */ = {isa = PBXFileReference; fileEncoding = 4; lastKnownFileType = file.xib; path = RootViewController.xib; sourceTree = "<group>"; };
		F7F844BE1E1CE54E00BCE157 /* LoadViewController.h */ = {isa = PBXFileReference; fileEncoding = 4; lastKnownFileType = sourcecode.c.h; path = LoadViewController.h; sourceTree = "<group>"; };
		F7F844BF1E1CE54E00BCE157 /* LoadViewController.m */ = {isa = PBXFileReference; fileEncoding = 4; lastKnownFileType = sourcecode.c.objc; path = LoadViewController.m; sourceTree = "<group>"; };
		F7F844C01E1CE54E00BCE157 /* LoadViewController.xib */ = {isa = PBXFileReference; fileEncoding = 4; lastKnownFileType = file.xib; path = LoadViewController.xib; sourceTree = "<group>"; };
		F7F844C31E1CE55F00BCE157 /* AlbumViewController.h */ = {isa = PBXFileReference; fileEncoding = 4; lastKnownFileType = sourcecode.c.h; path = AlbumViewController.h; sourceTree = "<group>"; };
		F7F844C41E1CE55F00BCE157 /* AlbumViewController.m */ = {isa = PBXFileReference; fileEncoding = 4; lastKnownFileType = sourcecode.c.objc; path = AlbumViewController.m; sourceTree = "<group>"; };
		F7F844C51E1CE55F00BCE157 /* AlbumViewController.xib */ = {isa = PBXFileReference; fileEncoding = 4; lastKnownFileType = file.xib; path = AlbumViewController.xib; sourceTree = "<group>"; };
		F7F844CE1E1CE59D00BCE157 /* FileManagerViewController.h */ = {isa = PBXFileReference; fileEncoding = 4; lastKnownFileType = sourcecode.c.h; path = FileManagerViewController.h; sourceTree = "<group>"; };
		F7F844CF1E1CE59D00BCE157 /* FileManagerViewController.m */ = {isa = PBXFileReference; fileEncoding = 4; lastKnownFileType = sourcecode.c.objc; path = FileManagerViewController.m; sourceTree = "<group>"; };
		F7F844D01E1CE59D00BCE157 /* FileManagerViewController.xib */ = {isa = PBXFileReference; fileEncoding = 4; lastKnownFileType = file.xib; path = FileManagerViewController.xib; sourceTree = "<group>"; };
		F7F844D31E1CE5C100BCE157 /* CloudViewController.h */ = {isa = PBXFileReference; fileEncoding = 4; lastKnownFileType = sourcecode.c.h; path = CloudViewController.h; sourceTree = "<group>"; };
		F7F844D41E1CE5C100BCE157 /* CloudViewController.m */ = {isa = PBXFileReference; fileEncoding = 4; lastKnownFileType = sourcecode.c.objc; path = CloudViewController.m; sourceTree = "<group>"; };
		F7F844D51E1CE5C100BCE157 /* CloudViewController.xib */ = {isa = PBXFileReference; fileEncoding = 4; lastKnownFileType = file.xib; path = CloudViewController.xib; sourceTree = "<group>"; };
/* End PBXFileReference section */

/* Begin PBXFrameworksBuildPhase section */
		F77CF6601DD591F10080EEB1 /* Frameworks */ = {
			isa = PBXFrameworksBuildPhase;
			buildActionMask = 2147483647;
			files = (
				DAED8F3E58ED75150BF4294C /* libPods-BaseProject.a in Frameworks */,
			);
			runOnlyForDeploymentPostprocessing = 0;
		};
/* End PBXFrameworksBuildPhase section */

/* Begin PBXGroup section */
		946641A73A01C93083BD5609 /* Pods */ = {
			isa = PBXGroup;
			children = (
				667EFADBAD339FC09AC892CE /* Pods-BaseProject.debug.xcconfig */,
				F0B00F118DB07C7E5900A55D /* Pods-BaseProject.release.xcconfig */,
			);
			name = Pods;
			sourceTree = "<group>";
		};
		F70968871E1DD99A00534EC2 /* View */ = {
			isa = PBXGroup;
			children = (
				F70968881E1DD99A00534EC2 /* BaseXibView.h */,
				F70968891E1DD99A00534EC2 /* BaseXibView.m */,
			);
			path = View;
			sourceTree = "<group>";
		};
		F709688C1E1DDA4E00534EC2 /* Foundation */ = {
			isa = PBXGroup;
			children = (
				F70968931E1DDA4E00534EC2 /* NSObject */,
				F709689B1E1DDA4E00534EC2 /* NSString */,
				F709688D1E1DDA4E00534EC2 /* NSArray */,
				F70968901E1DDA4E00534EC2 /* NSDictionary */,
				F70968981E1DDA4E00534EC2 /* NSPredicate */,
			);
			path = Foundation;
			sourceTree = "<group>";
		};
		F709688D1E1DDA4E00534EC2 /* NSArray */ = {
			isa = PBXGroup;
			children = (
			);
			path = NSArray;
			sourceTree = "<group>";
		};
		F70968901E1DDA4E00534EC2 /* NSDictionary */ = {
			isa = PBXGroup;
			children = (
				F70968911E1DDA4E00534EC2 /* NSDictionary+Json.h */,
				F70968921E1DDA4E00534EC2 /* NSDictionary+Json.m */,
			);
			path = NSDictionary;
			sourceTree = "<group>";
		};
		F70968931E1DDA4E00534EC2 /* NSObject */ = {
			isa = PBXGroup;
			children = (
				F70968941E1DDA4E00534EC2 /* DateFormatter.h */,
				F70968951E1DDA4E00534EC2 /* DateFormatter.m */,
				F70968961E1DDA4E00534EC2 /* NSObject+Json.h */,
				F70968971E1DDA4E00534EC2 /* NSObject+Json.m */,
			);
			path = NSObject;
			sourceTree = "<group>";
		};
		F70968981E1DDA4E00534EC2 /* NSPredicate */ = {
			isa = PBXGroup;
			children = (
				F70968991E1DDA4E00534EC2 /* NSPredicate+Extension.h */,
				F709689A1E1DDA4E00534EC2 /* NSPredicate+Extension.m */,
			);
			path = NSPredicate;
			sourceTree = "<group>";
		};
		F709689B1E1DDA4E00534EC2 /* NSString */ = {
			isa = PBXGroup;
			children = (
				F709689C1E1DDA4E00534EC2 /* NSString+Extension.h */,
				F709689D1E1DDA4E00534EC2 /* NSString+Extension.m */,
				F709689E1E1DDA4E00534EC2 /* NSString+Tools.h */,
				F709689F1E1DDA4E00534EC2 /* NSString+Tools.m */,
			);
			path = NSString;
			sourceTree = "<group>";
		};
		F70968A01E1DDA4E00534EC2 /* UIKit */ = {
			isa = PBXGroup;
			children = (
				F70968A11E1DDA4E00534EC2 /* UIBarButtonItem */,
				F70968A41E1DDA4E00534EC2 /* UIImage */,
				F70968A71E1DDA4E00534EC2 /* UIScrollView */,
				F70968AA1E1DDA4E00534EC2 /* UIViewController */,
			);
			path = UIKit;
			sourceTree = "<group>";
		};
		F70968A11E1DDA4E00534EC2 /* UIBarButtonItem */ = {
			isa = PBXGroup;
			children = (
				F70968A21E1DDA4E00534EC2 /* UIBarButtonItem+Extension.h */,
				F70968A31E1DDA4E00534EC2 /* UIBarButtonItem+Extension.m */,
			);
			path = UIBarButtonItem;
			sourceTree = "<group>";
		};
		F70968A41E1DDA4E00534EC2 /* UIImage */ = {
			isa = PBXGroup;
			children = (
				F70968A51E1DDA4E00534EC2 /* UIImage+Extension.h */,
				F70968A61E1DDA4E00534EC2 /* UIImage+Extension.m */,
			);
			path = UIImage;
			sourceTree = "<group>";
		};
		F70968A71E1DDA4E00534EC2 /* UIScrollView */ = {
			isa = PBXGroup;
			children = (
				F70968A81E1DDA4E00534EC2 /* UIScrollView+AllowPanGestureEventPass.h */,
				F70968A91E1DDA4E00534EC2 /* UIScrollView+AllowPanGestureEventPass.m */,
			);
			path = UIScrollView;
			sourceTree = "<group>";
		};
		F70968AA1E1DDA4E00534EC2 /* UIViewController */ = {
			isa = PBXGroup;
			children = (
				F70968AB1E1DDA4E00534EC2 /* UIViewController+runtime.h */,
				F70968AC1E1DDA4E00534EC2 /* UIViewController+runtime.m */,
			);
			path = UIViewController;
			sourceTree = "<group>";
		};
		F70968B81E1DDD5E00534EC2 /* Base */ = {
			isa = PBXGroup;
			children = (
				F70968B91E1DDD5E00534EC2 /* BaseViewController.h */,
				F70968BA1E1DDD5E00534EC2 /* BaseViewController.m */,
				F70968BB1E1DDD5E00534EC2 /* NavigationController.h */,
				F70968BC1E1DDD5E00534EC2 /* NavigationController.m */,
				F70968BD1E1DDD5E00534EC2 /* TabBarController.h */,
				F70968BE1E1DDD5E00534EC2 /* TabBarController.m */,
			);
			path = Base;
			sourceTree = "<group>";
		};
		F70969101E1DDF4200534EC2 /* Alert */ = {
			isa = PBXGroup;
			children = (
				F70969111E1DDF4200534EC2 /* WMYActionSheet.h */,
				F70969121E1DDF4200534EC2 /* WMYActionSheet.m */,
				F70969131E1DDF4200534EC2 /* WMYAlert.h */,
				F70969141E1DDF4200534EC2 /* WMYAlert.m */,
			);
			path = Alert;
			sourceTree = "<group>";
		};
		F70969171E1DDF4200534EC2 /* Picker */ = {
			isa = PBXGroup;
			children = (
				F70969351E1DE1D700534EC2 /* WMYDatePicker.h */,
				F70969361E1DE1D700534EC2 /* WMYDatePicker.m */,
				F70969181E1DDF4200534EC2 /* PickerView.h */,
				F70969191E1DDF4200534EC2 /* PickerView.m */,
			);
			path = Picker;
			sourceTree = "<group>";
		};
		F709691A1E1DDF4200534EC2 /* ProgressView */ = {
			isa = PBXGroup;
			children = (
				F709691B1E1DDF4200534EC2 /* ProgressView.h */,
				F709691C1E1DDF4200534EC2 /* ProgressView.m */,
			);
			path = ProgressView;
			sourceTree = "<group>";
		};
		F709691D1E1DDF4200534EC2 /* SegmentedControl */ = {
			isa = PBXGroup;
			children = (
				F709691E1E1DDF4200534EC2 /* SegmentedControl.h */,
				F709691F1E1DDF4200534EC2 /* SegmentedControl.m */,
			);
			path = SegmentedControl;
			sourceTree = "<group>";
		};
		F70969261E1DE03100534EC2 /* PlaySound */ = {
			isa = PBXGroup;
			children = (
				F70969271E1DE03100534EC2 /* MsgPlaySound.h */,
				F70969281E1DE03100534EC2 /* MsgPlaySound.m */,
			);
			path = PlaySound;
			sourceTree = "<group>";
		};
		F709692A1E1DE13B00534EC2 /* NotifHUD */ = {
			isa = PBXGroup;
			children = (
				F709692B1E1DE13B00534EC2 /* LocalNotifManager.h */,
				F709692C1E1DE13B00534EC2 /* LocalNotifManager.m */,
				F709692D1E1DE13B00534EC2 /* WMYNotifHUD.h */,
				F709692E1E1DE13B00534EC2 /* WMYNotifHUD.m */,
			);
			path = NotifHUD;
			sourceTree = "<group>";
		};
		F70969311E1DE17900534EC2 /* Badge */ = {
			isa = PBXGroup;
			children = (
				F70969321E1DE17900534EC2 /* BadgeButton.h */,
				F70969331E1DE17900534EC2 /* BadgeButton.m */,
			);
			path = Badge;
			sourceTree = "<group>";
		};
		F70969381E1DE1F400534EC2 /* WaveView */ = {
			isa = PBXGroup;
			children = (
				F70969391E1DE1F400534EC2 /* WMYWaveView.h */,
				F709693A1E1DE1F400534EC2 /* WMYWaveView.m */,
			);
			path = WaveView;
			sourceTree = "<group>";
		};
		F709693C1E1DE26300534EC2 /* ProgressHUD */ = {
			isa = PBXGroup;
			children = (
				F709693D1E1DE26300534EC2 /* ProgressHUD.h */,
				F709693E1E1DE26300534EC2 /* ProgressHUD.m */,
			);
			path = ProgressHUD;
			sourceTree = "<group>";
		};
		F73B3CDB1E1B4C60001AB7C7 /* Guide */ = {
			isa = PBXGroup;
			children = (
				F73B3CDC1E1B4E33001AB7C7 /* GuideViewController.h */,
				F73B3CDD1E1B4E33001AB7C7 /* GuideViewController.m */,
				F73B3CDE1E1B4E33001AB7C7 /* GuideViewController.xib */,
			);
			path = Guide;
			sourceTree = "<group>";
		};
		F76E00D11E1644C30053C7A9 /* Project */ = {
			isa = PBXGroup;
			children = (
				F76E00E01E1645A00053C7A9 /* Common */,
				F76E00E61E1645A00053C7A9 /* Database */,
				F76E00E71E1645A00053C7A9 /* Networking */,
				F76E00E81E1645A00053C7A9 /* Work */,
			);
			path = Project;
			sourceTree = "<group>";
		};
		F76E00E01E1645A00053C7A9 /* Common */ = {
			isa = PBXGroup;
			children = (
				F76E00E11E1645A00053C7A9 /* Init */,
				F781C6461E1A894D00C1ADD6 /* Macros */,
				F781C6451E1A894D00C1ADD6 /* Const */,
			);
			path = Common;
			sourceTree = "<group>";
		};
		F76E00E11E1645A00053C7A9 /* Init */ = {
			isa = PBXGroup;
			children = (
				F70969601E1DEA1200534EC2 /* DataInit.h */,
				F70969611E1DEA1200534EC2 /* DataInit.m */,
				F70969621E1DEA1200534EC2 /* ThirdPartService.h */,
				F70969631E1DEA1200534EC2 /* ThirdPartService.m */,
			);
			path = Init;
			sourceTree = "<group>";
		};
		F76E00E61E1645A00053C7A9 /* Database */ = {
			isa = PBXGroup;
			children = (
				F76E01091E1654680053C7A9 /* DatabaseHeader.h */,
			);
			path = Database;
			sourceTree = "<group>";
		};
		F76E00E71E1645A00053C7A9 /* Networking */ = {
			isa = PBXGroup;
			children = (
				F76E010A1E1654780053C7A9 /* NetworkingHeader.h */,
			);
			path = Networking;
			sourceTree = "<group>";
		};
		F76E00E81E1645A00053C7A9 /* Work */ = {
			isa = PBXGroup;
			children = (
				F70968B81E1DDD5E00534EC2 /* Base */,
				F7F844AC1E1CE02600BCE157 /* Root */,
				F73B3CDB1E1B4C60001AB7C7 /* Guide */,
				F76E00E91E1645A00053C7A9 /* Login */,
				F76E00ED1E1645A00053C7A9 /* Side */,
				F7F844B51E1CE50300BCE157 /* Album */,
				F7F844B81E1CE50300BCE157 /* Load */,
				F7F844CD1E1CE58C00BCE157 /* File */,
				F7F844B61E1CE50300BCE157 /* Cloud */,
			);
			path = Work;
			sourceTree = "<group>";
		};
		F76E00E91E1645A00053C7A9 /* Login */ = {
			isa = PBXGroup;
			children = (
				F76E01151E1654B60053C7A9 /* LoginViewController.h */,
				F76E01161E1654B60053C7A9 /* LoginViewController.m */,
				F76E01171E1654B60053C7A9 /* LoginViewController.xib */,
			);
			path = Login;
			sourceTree = "<group>";
		};
		F76E00ED1E1645A00053C7A9 /* Side */ = {
			isa = PBXGroup;
			children = (
				F76E01101E1654A80053C7A9 /* SideViewController.h */,
				F76E01111E1654A80053C7A9 /* SideViewController.m */,
				F76E01121E1654A80053C7A9 /* SideViewController.xib */,
				F7F844A01E1CD63F00BCE157 /* Left */,
				F7F844A11E1CD63F00BCE157 /* Right */,
			);
			path = Side;
			sourceTree = "<group>";
		};
		F76E00F01E1646550053C7A9 /* Lib */ = {
			isa = PBXGroup;
			children = (
				F709693C1E1DE26300534EC2 /* ProgressHUD */,
				F70969261E1DE03100534EC2 /* PlaySound */,
			);
			path = Lib;
			sourceTree = "<group>";
		};
		F76E00F11E1646550053C7A9 /* Public */ = {
			isa = PBXGroup;
			children = (
				F7F844961E1C8A5800BCE157 /* Init */,
				F76E00F81E1646550053C7A9 /* Macros */,
				F76E00F91E1646550053C7A9 /* Tools */,
				F76E00F31E1646550053C7A9 /* Category */,
				F76E00F21E1646550053C7A9 /* Base */,
				F76E00F71E1646550053C7A9 /* Custom */,
			);
			path = Public;
			sourceTree = "<group>";
		};
		F76E00F21E1646550053C7A9 /* Base */ = {
			isa = PBXGroup;
			children = (
				F70968871E1DD99A00534EC2 /* View */,
			);
			path = Base;
			sourceTree = "<group>";
		};
		F76E00F31E1646550053C7A9 /* Category */ = {
			isa = PBXGroup;
			children = (
				F709688B1E1DDA4E00534EC2 /* CategoryHeader.h */,
				F709688C1E1DDA4E00534EC2 /* Foundation */,
				F70968A01E1DDA4E00534EC2 /* UIKit */,
			);
			path = Category;
			sourceTree = "<group>";
		};
		F76E00F71E1646550053C7A9 /* Custom */ = {
			isa = PBXGroup;
			children = (
				F70969381E1DE1F400534EC2 /* WaveView */,
				F709692A1E1DE13B00534EC2 /* NotifHUD */,
				F70969101E1DDF4200534EC2 /* Alert */,
				F70969171E1DDF4200534EC2 /* Picker */,
				F709691A1E1DDF4200534EC2 /* ProgressView */,
				F709691D1E1DDF4200534EC2 /* SegmentedControl */,
				F70969311E1DE17900534EC2 /* Badge */,
			);
			path = Custom;
			sourceTree = "<group>";
		};
		F76E00F81E1646550053C7A9 /* Macros */ = {
			isa = PBXGroup;
			children = (
				F76E01011E1653570053C7A9 /* AppDefine.h */,
			);
			path = Macros;
			sourceTree = "<group>";
		};
		F76E00F91E1646550053C7A9 /* Tools */ = {
			isa = PBXGroup;
			children = (
				F76E01031E1654100053C7A9 /* Tools.h */,
				F76E01041E1654100053C7A9 /* Tools.m */,
				F76E01061E1654190053C7A9 /* DocManager.h */,
				F76E01071E1654190053C7A9 /* DocManager.m */,
			);
			path = Tools;
			sourceTree = "<group>";
		};
		F77CF65A1DD591F10080EEB1 = {
			isa = PBXGroup;
			children = (
				F77CF6651DD591F10080EEB1 /* BaseProject */,
				F77CF6641DD591F10080EEB1 /* Products */,
				946641A73A01C93083BD5609 /* Pods */,
				FF222BB8AE6651945EFF71BA /* Frameworks */,
			);
			sourceTree = "<group>";
		};
		F77CF6641DD591F10080EEB1 /* Products */ = {
			isa = PBXGroup;
			children = (
				F77CF6631DD591F10080EEB1 /* BaseProject.app */,
			);
			name = Products;
			sourceTree = "<group>";
		};
		F77CF6651DD591F10080EEB1 /* BaseProject */ = {
			isa = PBXGroup;
			children = (
				F77CF6B01DD5A75E0080EEB1 /* Resource */,
				F76E00F01E1646550053C7A9 /* Lib */,
				F76E00F11E1646550053C7A9 /* Public */,
				F76E00D11E1644C30053C7A9 /* Project */,
				F77CF6691DD591F10080EEB1 /* AppDelegate.h */,
				F77CF66A1DD591F10080EEB1 /* AppDelegate.m */,
				F77CF66F1DD591F10080EEB1 /* Main.storyboard */,
				F77CF6661DD591F10080EEB1 /* Supporting Files */,
			);
			path = BaseProject;
			sourceTree = "<group>";
		};
		F77CF6661DD591F10080EEB1 /* Supporting Files */ = {
			isa = PBXGroup;
			children = (
				F77CF6721DD591F10080EEB1 /* Assets.xcassets */,
				F77CF6741DD591F10080EEB1 /* LaunchScreen.storyboard */,
				F77CF6771DD591F10080EEB1 /* Info.plist */,
				F77CF6671DD591F10080EEB1 /* main.m */,
				F76E01271E1666150053C7A9 /* PrefixHeader.pch */,
			);
			name = "Supporting Files";
			sourceTree = "<group>";
		};
		F77CF6B01DD5A75E0080EEB1 /* Resource */ = {
			isa = PBXGroup;
			children = (
				F77CF6B11DD5A75E0080EEB1 /* Html */,
				F77CF6B21DD5A75E0080EEB1 /* Image */,
			);
			path = Resource;
			sourceTree = "<group>";
		};
		F77CF6B11DD5A75E0080EEB1 /* Html */ = {
			isa = PBXGroup;
			children = (
			);
			path = Html;
			sourceTree = "<group>";
		};
		F77CF6B21DD5A75E0080EEB1 /* Image */ = {
			isa = PBXGroup;
			children = (
			);
			path = Image;
			sourceTree = "<group>";
		};
		F781C6451E1A894D00C1ADD6 /* Const */ = {
			isa = PBXGroup;
			children = (
				F781C64F1E1A8ACF00C1ADD6 /* ConstHeader.h */,
				F781C6491E1A899C00C1ADD6 /* UserDefaultsKey.h */,
				F781C64A1E1A899C00C1ADD6 /* UserDefaultsKey.m */,
				F781C6501E1A8B0A00C1ADD6 /* NotificationKey.h */,
				F781C6511E1A8B0A00C1ADD6 /* NotificationKey.m */,
			);
			path = Const;
			sourceTree = "<group>";
		};
		F781C6461E1A894D00C1ADD6 /* Macros */ = {
			isa = PBXGroup;
			children = (
				F781C6471E1A897400C1ADD6 /* ApiKey.h */,
				F781C6481E1A897E00C1ADD6 /* HttpDefine.h */,
			);
			path = Macros;
			sourceTree = "<group>";
		};
		F7F844961E1C8A5800BCE157 /* Init */ = {
			isa = PBXGroup;
			children = (
				F7F8449D1E1CCDF700BCE157 /* StartInitialization.h */,
				F7F8449E1E1CCDF700BCE157 /* StartInitialization.m */,
			);
			path = Init;
			sourceTree = "<group>";
		};
		F7F844A01E1CD63F00BCE157 /* Left */ = {
			isa = PBXGroup;
			children = (
				F7F844A21E1CD67C00BCE157 /* LeftViewController.h */,
				F7F844A31E1CD67C00BCE157 /* LeftViewController.m */,
				F7F844A41E1CD67C00BCE157 /* LeftViewController.xib */,
			);
			path = Left;
			sourceTree = "<group>";
		};
		F7F844A11E1CD63F00BCE157 /* Right */ = {
			isa = PBXGroup;
			children = (
				F7F844A71E1CD68700BCE157 /* RightViewController.h */,
				F7F844A81E1CD68700BCE157 /* RightViewController.m */,
				F7F844A91E1CD68700BCE157 /* RightViewController.xib */,
			);
			path = Right;
			sourceTree = "<group>";
		};
		F7F844AC1E1CE02600BCE157 /* Root */ = {
			isa = PBXGroup;
			children = (
				F7F844AD1E1CE02600BCE157 /* RootViewController.h */,
				F7F844AE1E1CE02600BCE157 /* RootViewController.m */,
				F7F844AF1E1CE02600BCE157 /* RootViewController.xib */,
			);
			path = Root;
			sourceTree = "<group>";
		};
		F7F844B51E1CE50300BCE157 /* Album */ = {
			isa = PBXGroup;
			children = (
				F7F844C31E1CE55F00BCE157 /* AlbumViewController.h */,
				F7F844C41E1CE55F00BCE157 /* AlbumViewController.m */,
				F7F844C51E1CE55F00BCE157 /* AlbumViewController.xib */,
			);
			path = Album;
			sourceTree = "<group>";
		};
		F7F844B61E1CE50300BCE157 /* Cloud */ = {
			isa = PBXGroup;
			children = (
				F7F844D31E1CE5C100BCE157 /* CloudViewController.h */,
				F7F844D41E1CE5C100BCE157 /* CloudViewController.m */,
				F7F844D51E1CE5C100BCE157 /* CloudViewController.xib */,
			);
			path = Cloud;
			sourceTree = "<group>";
		};
		F7F844B81E1CE50300BCE157 /* Load */ = {
			isa = PBXGroup;
			children = (
				F7F844BE1E1CE54E00BCE157 /* LoadViewController.h */,
				F7F844BF1E1CE54E00BCE157 /* LoadViewController.m */,
				F7F844C01E1CE54E00BCE157 /* LoadViewController.xib */,
			);
			path = Load;
			sourceTree = "<group>";
		};
		F7F844CD1E1CE58C00BCE157 /* File */ = {
			isa = PBXGroup;
			children = (
				F7F844CE1E1CE59D00BCE157 /* FileManagerViewController.h */,
				F7F844CF1E1CE59D00BCE157 /* FileManagerViewController.m */,
				F7F844D01E1CE59D00BCE157 /* FileManagerViewController.xib */,
			);
			path = File;
			sourceTree = "<group>";
		};
		FF222BB8AE6651945EFF71BA /* Frameworks */ = {
			isa = PBXGroup;
			children = (
				99E626C724DB619C896024CC /* libPods-BaseProject.a */,
			);
			name = Frameworks;
			sourceTree = "<group>";
		};
/* End PBXGroup section */

/* Begin PBXNativeTarget section */
		F77CF6621DD591F10080EEB1 /* BaseProject */ = {
			isa = PBXNativeTarget;
			buildConfigurationList = F77CF67A1DD591F10080EEB1 /* Build configuration list for PBXNativeTarget "BaseProject" */;
			buildPhases = (
				F308E5BA8762B3F1594D371A /* [CP] Check Pods Manifest.lock */,
				F77CF65F1DD591F10080EEB1 /* Sources */,
				F77CF6601DD591F10080EEB1 /* Frameworks */,
				F77CF6611DD591F10080EEB1 /* Resources */,
				3D6EDFCA3395C26E4CAF469B /* [CP] Embed Pods Frameworks */,
				8DDAD0540BA9920224401DC8 /* [CP] Copy Pods Resources */,
			);
			buildRules = (
			);
			dependencies = (
			);
			name = BaseProject;
			productName = BaseProject;
			productReference = F77CF6631DD591F10080EEB1 /* BaseProject.app */;
			productType = "com.apple.product-type.application";
		};
/* End PBXNativeTarget section */

/* Begin PBXProject section */
		F77CF65B1DD591F10080EEB1 /* Project object */ = {
			isa = PBXProject;
			attributes = {
				LastUpgradeCheck = 0820;
				ORGANIZATIONNAME = Wmy;
				TargetAttributes = {
					F77CF6621DD591F10080EEB1 = {
						CreatedOnToolsVersion = 8.0;
						DevelopmentTeam = 55352BP77R;
						ProvisioningStyle = Automatic;
					};
				};
			};
			buildConfigurationList = F77CF65E1DD591F10080EEB1 /* Build configuration list for PBXProject "BaseProject" */;
			compatibilityVersion = "Xcode 3.2";
			developmentRegion = English;
			hasScannedForEncodings = 0;
			knownRegions = (
				en,
				Base,
			);
			mainGroup = F77CF65A1DD591F10080EEB1;
			productRefGroup = F77CF6641DD591F10080EEB1 /* Products */;
			projectDirPath = "";
			projectRoot = "";
			targets = (
				F77CF6621DD591F10080EEB1 /* BaseProject */,
			);
		};
/* End PBXProject section */

/* Begin PBXResourcesBuildPhase section */
		F77CF6611DD591F10080EEB1 /* Resources */ = {
			isa = PBXResourcesBuildPhase;
			buildActionMask = 2147483647;
			files = (
				F7F844C71E1CE55F00BCE157 /* AlbumViewController.xib in Resources */,
				F77CF6761DD591F10080EEB1 /* LaunchScreen.storyboard in Resources */,
				F7F844D71E1CE5C100BCE157 /* CloudViewController.xib in Resources */,
				F76E01141E1654A80053C7A9 /* SideViewController.xib in Resources */,
				F7F844B11E1CE02600BCE157 /* RootViewController.xib in Resources */,
				F76E01191E1654B60053C7A9 /* LoginViewController.xib in Resources */,
				F7F844AB1E1CD68700BCE157 /* RightViewController.xib in Resources */,
				F73B3CE01E1B4E33001AB7C7 /* GuideViewController.xib in Resources */,
				F7F844C21E1CE54E00BCE157 /* LoadViewController.xib in Resources */,
				F7F844D21E1CE59D00BCE157 /* FileManagerViewController.xib in Resources */,
				F77CF6731DD591F10080EEB1 /* Assets.xcassets in Resources */,
				F7F844A61E1CD67C00BCE157 /* LeftViewController.xib in Resources */,
				F77CF6711DD591F10080EEB1 /* Main.storyboard in Resources */,
			);
			runOnlyForDeploymentPostprocessing = 0;
		};
/* End PBXResourcesBuildPhase section */

/* Begin PBXShellScriptBuildPhase section */
		3D6EDFCA3395C26E4CAF469B /* [CP] Embed Pods Frameworks */ = {
			isa = PBXShellScriptBuildPhase;
			buildActionMask = 2147483647;
			files = (
			);
			inputPaths = (
			);
			name = "[CP] Embed Pods Frameworks";
			outputPaths = (
			);
			runOnlyForDeploymentPostprocessing = 0;
			shellPath = /bin/sh;
			shellScript = "\"${SRCROOT}/Pods/Target Support Files/Pods-BaseProject/Pods-BaseProject-frameworks.sh\"\n";
			showEnvVarsInLog = 0;
		};
		8DDAD0540BA9920224401DC8 /* [CP] Copy Pods Resources */ = {
			isa = PBXShellScriptBuildPhase;
			buildActionMask = 2147483647;
			files = (
			);
			inputPaths = (
			);
			name = "[CP] Copy Pods Resources";
			outputPaths = (
			);
			runOnlyForDeploymentPostprocessing = 0;
			shellPath = /bin/sh;
			shellScript = "\"${SRCROOT}/Pods/Target Support Files/Pods-BaseProject/Pods-BaseProject-resources.sh\"\n";
			showEnvVarsInLog = 0;
		};
		F308E5BA8762B3F1594D371A /* [CP] Check Pods Manifest.lock */ = {
			isa = PBXShellScriptBuildPhase;
			buildActionMask = 2147483647;
			files = (
			);
			inputPaths = (
			);
			name = "[CP] Check Pods Manifest.lock";
			outputPaths = (
			);
			runOnlyForDeploymentPostprocessing = 0;
			shellPath = /bin/sh;
			shellScript = "diff \"${PODS_ROOT}/../Podfile.lock\" \"${PODS_ROOT}/Manifest.lock\" > /dev/null\nif [ $? != 0 ] ; then\n    # print error to STDERR\n    echo \"error: The sandbox is not in sync with the Podfile.lock. Run 'pod install' or update your CocoaPods installation.\" >&2\n    exit 1\nfi\n";
			showEnvVarsInLog = 0;
		};
/* End PBXShellScriptBuildPhase section */

/* Begin PBXSourcesBuildPhase section */
		F77CF65F1DD591F10080EEB1 /* Sources */ = {
			isa = PBXSourcesBuildPhase;
			buildActionMask = 2147483647;
			files = (
				F7F844D11E1CE59D00BCE157 /* FileManagerViewController.m in Sources */,
				F7F844C11E1CE54E00BCE157 /* LoadViewController.m in Sources */,
				F76E01081E1654190053C7A9 /* DocManager.m in Sources */,
				F70969251E1DDF4200534EC2 /* SegmentedControl.m in Sources */,
				F70968B11E1DDA4E00534EC2 /* NSPredicate+Extension.m in Sources */,
				F70968C01E1DDD5E00534EC2 /* NavigationController.m in Sources */,
				F709693B1E1DE1F400534EC2 /* WMYWaveView.m in Sources */,
				F70969641E1DEA1200534EC2 /* DataInit.m in Sources */,
				F70969291E1DE03100534EC2 /* MsgPlaySound.m in Sources */,
				F7F844D61E1CE5C100BCE157 /* CloudViewController.m in Sources */,
				F70969231E1DDF4200534EC2 /* PickerView.m in Sources */,
				F76E01051E1654100053C7A9 /* Tools.m in Sources */,
				F70968B31E1DDA4E00534EC2 /* NSString+Tools.m in Sources */,
				F709688A1E1DD99A00534EC2 /* BaseXibView.m in Sources */,
				F77CF66B1DD591F10080EEB1 /* AppDelegate.m in Sources */,
				F70968B61E1DDA4E00534EC2 /* UIScrollView+AllowPanGestureEventPass.m in Sources */,
				F70969241E1DDF4200534EC2 /* ProgressView.m in Sources */,
				F70969301E1DE13B00534EC2 /* WMYNotifHUD.m in Sources */,
				F70968B21E1DDA4E00534EC2 /* NSString+Extension.m in Sources */,
				F73B3CDF1E1B4E33001AB7C7 /* GuideViewController.m in Sources */,
				F77CF6681DD591F10080EEB1 /* main.m in Sources */,
				F70969211E1DDF4200534EC2 /* WMYAlert.m in Sources */,
				F709692F1E1DE13B00534EC2 /* LocalNotifManager.m in Sources */,
				F7F844AA1E1CD68700BCE157 /* RightViewController.m in Sources */,
				F70969341E1DE17900534EC2 /* BadgeButton.m in Sources */,
				F70968B41E1DDA4E00534EC2 /* UIBarButtonItem+Extension.m in Sources */,
				F76E01131E1654A80053C7A9 /* SideViewController.m in Sources */,
				F709693F1E1DE26300534EC2 /* ProgressHUD.m in Sources */,
				F70969651E1DEA1200534EC2 /* ThirdPartService.m in Sources */,
				F70968BF1E1DDD5E00534EC2 /* BaseViewController.m in Sources */,
				F76E01181E1654B60053C7A9 /* LoginViewController.m in Sources */,
				F70968B71E1DDA4E00534EC2 /* UIViewController+runtime.m in Sources */,
				F7F8449F1E1CCDF700BCE157 /* StartInitialization.m in Sources */,
				F70968B01E1DDA4E00534EC2 /* NSObject+Json.m in Sources */,
				F70969201E1DDF4200534EC2 /* WMYActionSheet.m in Sources */,
				F781C6521E1A8B0A00C1ADD6 /* NotificationKey.m in Sources */,
				F70968B51E1DDA4E00534EC2 /* UIImage+Extension.m in Sources */,
				F70969371E1DE1D700534EC2 /* WMYDatePicker.m in Sources */,
				F70968AF1E1DDA4E00534EC2 /* DateFormatter.m in Sources */,
				F70968C11E1DDD5E00534EC2 /* TabBarController.m in Sources */,
				F7F844B01E1CE02600BCE157 /* RootViewController.m in Sources */,
				F70968AE1E1DDA4E00534EC2 /* NSDictionary+Json.m in Sources */,
				F7F844C61E1CE55F00BCE157 /* AlbumViewController.m in Sources */,
				F7F844A51E1CD67C00BCE157 /* LeftViewController.m in Sources */,
				F781C64B1E1A899C00C1ADD6 /* UserDefaultsKey.m in Sources */,
			);
			runOnlyForDeploymentPostprocessing = 0;
		};
/* End PBXSourcesBuildPhase section */

/* Begin PBXVariantGroup section */
		F77CF66F1DD591F10080EEB1 /* Main.storyboard */ = {
			isa = PBXVariantGroup;
			children = (
				F77CF6701DD591F10080EEB1 /* Base */,
			);
			name = Main.storyboard;
			sourceTree = "<group>";
		};
		F77CF6741DD591F10080EEB1 /* LaunchScreen.storyboard */ = {
			isa = PBXVariantGroup;
			children = (
				F77CF6751DD591F10080EEB1 /* Base */,
			);
			name = LaunchScreen.storyboard;
			sourceTree = "<group>";
		};
/* End PBXVariantGroup section */

/* Begin XCBuildConfiguration section */
		F77CF6781DD591F10080EEB1 /* Debug */ = {
			isa = XCBuildConfiguration;
			buildSettings = {
				ALWAYS_SEARCH_USER_PATHS = NO;
				CLANG_ANALYZER_NONNULL = YES;
				CLANG_CXX_LANGUAGE_STANDARD = "gnu++0x";
				CLANG_CXX_LIBRARY = "libc++";
				CLANG_ENABLE_MODULES = YES;
				CLANG_ENABLE_OBJC_ARC = YES;
				CLANG_WARN_BOOL_CONVERSION = YES;
				CLANG_WARN_CONSTANT_CONVERSION = YES;
				CLANG_WARN_DIRECT_OBJC_ISA_USAGE = YES_ERROR;
				CLANG_WARN_DOCUMENTATION_COMMENTS = YES;
				CLANG_WARN_EMPTY_BODY = YES;
				CLANG_WARN_ENUM_CONVERSION = YES;
				CLANG_WARN_INFINITE_RECURSION = YES;
				CLANG_WARN_INT_CONVERSION = YES;
				CLANG_WARN_OBJC_ROOT_CLASS = YES_ERROR;
				CLANG_WARN_SUSPICIOUS_MOVE = YES;
				CLANG_WARN_SUSPICIOUS_MOVES = YES;
				CLANG_WARN_UNREACHABLE_CODE = YES;
				CLANG_WARN__DUPLICATE_METHOD_MATCH = YES;
				"CODE_SIGN_IDENTITY[sdk=iphoneos*]" = "iPhone Developer";
				COPY_PHASE_STRIP = NO;
				DEBUG_INFORMATION_FORMAT = dwarf;
				ENABLE_STRICT_OBJC_MSGSEND = YES;
				ENABLE_TESTABILITY = YES;
				GCC_C_LANGUAGE_STANDARD = gnu99;
				GCC_DYNAMIC_NO_PIC = NO;
				GCC_NO_COMMON_BLOCKS = YES;
				GCC_OPTIMIZATION_LEVEL = 0;
				GCC_PREPROCESSOR_DEFINITIONS = (
					"DEBUG=1",
					"$(inherited)",
				);
				GCC_WARN_64_TO_32_BIT_CONVERSION = YES;
				GCC_WARN_ABOUT_RETURN_TYPE = YES_ERROR;
				GCC_WARN_UNDECLARED_SELECTOR = YES;
				GCC_WARN_UNINITIALIZED_AUTOS = YES_AGGRESSIVE;
				GCC_WARN_UNUSED_FUNCTION = YES;
				GCC_WARN_UNUSED_VARIABLE = YES;
				IPHONEOS_DEPLOYMENT_TARGET = 10.0;
				MTL_ENABLE_DEBUG_INFO = YES;
				ONLY_ACTIVE_ARCH = YES;
				SDKROOT = iphoneos;
				TARGETED_DEVICE_FAMILY = "1,2";
			};
			name = Debug;
		};
		F77CF6791DD591F10080EEB1 /* Release */ = {
			isa = XCBuildConfiguration;
			buildSettings = {
				ALWAYS_SEARCH_USER_PATHS = NO;
				CLANG_ANALYZER_NONNULL = YES;
				CLANG_CXX_LANGUAGE_STANDARD = "gnu++0x";
				CLANG_CXX_LIBRARY = "libc++";
				CLANG_ENABLE_MODULES = YES;
				CLANG_ENABLE_OBJC_ARC = YES;
				CLANG_WARN_BOOL_CONVERSION = YES;
				CLANG_WARN_CONSTANT_CONVERSION = YES;
				CLANG_WARN_DIRECT_OBJC_ISA_USAGE = YES_ERROR;
				CLANG_WARN_DOCUMENTATION_COMMENTS = YES;
				CLANG_WARN_EMPTY_BODY = YES;
				CLANG_WARN_ENUM_CONVERSION = YES;
				CLANG_WARN_INFINITE_RECURSION = YES;
				CLANG_WARN_INT_CONVERSION = YES;
				CLANG_WARN_OBJC_ROOT_CLASS = YES_ERROR;
				CLANG_WARN_SUSPICIOUS_MOVE = YES;
				CLANG_WARN_SUSPICIOUS_MOVES = YES;
				CLANG_WARN_UNREACHABLE_CODE = YES;
				CLANG_WARN__DUPLICATE_METHOD_MATCH = YES;
				"CODE_SIGN_IDENTITY[sdk=iphoneos*]" = "iPhone Developer";
				COPY_PHASE_STRIP = NO;
				DEBUG_INFORMATION_FORMAT = "dwarf-with-dsym";
				ENABLE_NS_ASSERTIONS = NO;
				ENABLE_STRICT_OBJC_MSGSEND = YES;
				GCC_C_LANGUAGE_STANDARD = gnu99;
				GCC_NO_COMMON_BLOCKS = YES;
				GCC_WARN_64_TO_32_BIT_CONVERSION = YES;
				GCC_WARN_ABOUT_RETURN_TYPE = YES_ERROR;
				GCC_WARN_UNDECLARED_SELECTOR = YES;
				GCC_WARN_UNINITIALIZED_AUTOS = YES_AGGRESSIVE;
				GCC_WARN_UNUSED_FUNCTION = YES;
				GCC_WARN_UNUSED_VARIABLE = YES;
				IPHONEOS_DEPLOYMENT_TARGET = 10.0;
				MTL_ENABLE_DEBUG_INFO = NO;
				SDKROOT = iphoneos;
				TARGETED_DEVICE_FAMILY = "1,2";
				VALIDATE_PRODUCT = YES;
			};
			name = Release;
		};
		F77CF67B1DD591F10080EEB1 /* Debug */ = {
			isa = XCBuildConfiguration;
			baseConfigurationReference = 667EFADBAD339FC09AC892CE /* Pods-BaseProject.debug.xcconfig */;
			buildSettings = {
				ASSETCATALOG_COMPILER_APPICON_NAME = AppIcon;
				DEVELOPMENT_TEAM = 55352BP77R;
				GCC_PREFIX_HEADER = BaseProject/PrefixHeader.pch;
				INFOPLIST_FILE = BaseProject/Info.plist;
				IPHONEOS_DEPLOYMENT_TARGET = 8.0;
				LD_RUNPATH_SEARCH_PATHS = "$(inherited) @executable_path/Frameworks";
				PRODUCT_BUNDLE_IDENTIFIER = sharing.BaseProject;
				PRODUCT_NAME = "$(TARGET_NAME)";
			};
			name = Debug;
		};
		F77CF67C1DD591F10080EEB1 /* Release */ = {
			isa = XCBuildConfiguration;
			baseConfigurationReference = F0B00F118DB07C7E5900A55D /* Pods-BaseProject.release.xcconfig */;
			buildSettings = {
				ASSETCATALOG_COMPILER_APPICON_NAME = AppIcon;
				DEVELOPMENT_TEAM = 55352BP77R;
				GCC_PREFIX_HEADER = BaseProject/PrefixHeader.pch;
				INFOPLIST_FILE = BaseProject/Info.plist;
				IPHONEOS_DEPLOYMENT_TARGET = 8.0;
				LD_RUNPATH_SEARCH_PATHS = "$(inherited) @executable_path/Frameworks";
				PRODUCT_BUNDLE_IDENTIFIER = sharing.BaseProject;
				PRODUCT_NAME = "$(TARGET_NAME)";
			};
			name = Release;
		};
/* End XCBuildConfiguration section */

/* Begin XCConfigurationList section */
		F77CF65E1DD591F10080EEB1 /* Build configuration list for PBXProject "BaseProject" */ = {
			isa = XCConfigurationList;
			buildConfigurations = (
				F77CF6781DD591F10080EEB1 /* Debug */,
				F77CF6791DD591F10080EEB1 /* Release */,
			);
			defaultConfigurationIsVisible = 0;
			defaultConfigurationName = Release;
		};
		F77CF67A1DD591F10080EEB1 /* Build configuration list for PBXNativeTarget "BaseProject" */ = {
			isa = XCConfigurationList;
			buildConfigurations = (
				F77CF67B1DD591F10080EEB1 /* Debug */,
				F77CF67C1DD591F10080EEB1 /* Release */,
			);
			defaultConfigurationIsVisible = 0;
			defaultConfigurationName = Release;
		};
/* End XCConfigurationList section */
	};
	rootObject = F77CF65B1DD591F10080EEB1 /* Project object */;
}
