// !$*UTF8*$!
{
	archiveVersion = 1;
	classes = {
	};
	objectVersion = 46;
	objects = {

/* Begin PBXBuildFile section */
		DAED8F3E58ED75150BF4294C /* libPods-BaseProject.a in Frameworks */ = {isa = PBXBuildFile; fileRef = 99E626C724DB619C896024CC /* libPods-BaseProject.a */; };
		F73B3CDF1E1B4E33001AB7C7 /* GuideViewController.m in Sources */ = {isa = PBXBuildFile; fileRef = F73B3CDD1E1B4E33001AB7C7 /* GuideViewController.m */; };
		F73B3CE01E1B4E33001AB7C7 /* GuideViewController.xib in Resources */ = {isa = PBXBuildFile; fileRef = F73B3CDE1E1B4E33001AB7C7 /* GuideViewController.xib */; };
		F76E00EE1E1645A00053C7A9 /* WMY_InitData.m in Sources */ = {isa = PBXBuildFile; fileRef = F76E00E31E1645A00053C7A9 /* WMY_InitData.m */; };
		F76E00EF1E1645A00053C7A9 /* WMY_ThirdPartService.m in Sources */ = {isa = PBXBuildFile; fileRef = F76E00E51E1645A00053C7A9 /* WMY_ThirdPartService.m */; };
		F76E00FA1E1646550053C7A9 /* UIViewController+runtime.m in Sources */ = {isa = PBXBuildFile; fileRef = F76E00F61E1646550053C7A9 /* UIViewController+runtime.m */; };
		F76E01001E1652730053C7A9 /* NavigationController.m in Sources */ = {isa = PBXBuildFile; fileRef = F76E00FF1E1652730053C7A9 /* NavigationController.m */; };
		F76E01051E1654100053C7A9 /* Tools.m in Sources */ = {isa = PBXBuildFile; fileRef = F76E01041E1654100053C7A9 /* Tools.m */; };
		F76E01081E1654190053C7A9 /* DocManager.m in Sources */ = {isa = PBXBuildFile; fileRef = F76E01071E1654190053C7A9 /* DocManager.m */; };
		F76E01131E1654A80053C7A9 /* SideViewController.m in Sources */ = {isa = PBXBuildFile; fileRef = F76E01111E1654A80053C7A9 /* SideViewController.m */; };
		F76E01141E1654A80053C7A9 /* SideViewController.xib in Resources */ = {isa = PBXBuildFile; fileRef = F76E01121E1654A80053C7A9 /* SideViewController.xib */; };
		F76E01181E1654B60053C7A9 /* LoginViewController.m in Sources */ = {isa = PBXBuildFile; fileRef = F76E01161E1654B60053C7A9 /* LoginViewController.m */; };
		F76E01191E1654B60053C7A9 /* LoginViewController.xib in Resources */ = {isa = PBXBuildFile; fileRef = F76E01171E1654B60053C7A9 /* LoginViewController.xib */; };
		F76E01201E1654D20053C7A9 /* RootViewController.m in Sources */ = {isa = PBXBuildFile; fileRef = F76E011E1E1654D20053C7A9 /* RootViewController.m */; };
		F76E01211E1654D20053C7A9 /* RootViewController.xib in Resources */ = {isa = PBXBuildFile; fileRef = F76E011F1E1654D20053C7A9 /* RootViewController.xib */; };
		F76E01251E1654DF0053C7A9 /* MineViewController.m in Sources */ = {isa = PBXBuildFile; fileRef = F76E01231E1654DF0053C7A9 /* MineViewController.m */; };
		F76E01261E1654DF0053C7A9 /* MineViewController.xib in Resources */ = {isa = PBXBuildFile; fileRef = F76E01241E1654DF0053C7A9 /* MineViewController.xib */; };
		F77CF6681DD591F10080EEB1 /* main.m in Sources */ = {isa = PBXBuildFile; fileRef = F77CF6671DD591F10080EEB1 /* main.m */; };
		F77CF66B1DD591F10080EEB1 /* AppDelegate.m in Sources */ = {isa = PBXBuildFile; fileRef = F77CF66A1DD591F10080EEB1 /* AppDelegate.m */; };
		F77CF6711DD591F10080EEB1 /* Main.storyboard in Resources */ = {isa = PBXBuildFile; fileRef = F77CF66F1DD591F10080EEB1 /* Main.storyboard */; };
		F77CF6731DD591F10080EEB1 /* Assets.xcassets in Resources */ = {isa = PBXBuildFile; fileRef = F77CF6721DD591F10080EEB1 /* Assets.xcassets */; };
		F77CF6761DD591F10080EEB1 /* LaunchScreen.storyboard in Resources */ = {isa = PBXBuildFile; fileRef = F77CF6741DD591F10080EEB1 /* LaunchScreen.storyboard */; };
		F781C63A1E1A5FDC00C1ADD6 /* BaseViewController.m in Sources */ = {isa = PBXBuildFile; fileRef = F781C6391E1A5FDC00C1ADD6 /* BaseViewController.m */; };
		F781C63E1E1A68D200C1ADD6 /* NSObject+Json.m in Sources */ = {isa = PBXBuildFile; fileRef = F781C63D1E1A68D200C1ADD6 /* NSObject+Json.m */; };
		F781C6421E1A871000C1ADD6 /* MainViewController.m in Sources */ = {isa = PBXBuildFile; fileRef = F781C6401E1A871000C1ADD6 /* MainViewController.m */; };
		F781C6431E1A871000C1ADD6 /* MainViewController.xib in Resources */ = {isa = PBXBuildFile; fileRef = F781C6411E1A871000C1ADD6 /* MainViewController.xib */; };
		F781C64B1E1A899C00C1ADD6 /* UserDefaultsKey.m in Sources */ = {isa = PBXBuildFile; fileRef = F781C64A1E1A899C00C1ADD6 /* UserDefaultsKey.m */; };
		F781C6521E1A8B0A00C1ADD6 /* NotificationKey.m in Sources */ = {isa = PBXBuildFile; fileRef = F781C6511E1A8B0A00C1ADD6 /* NotificationKey.m */; };
		F7F8449F1E1CCDF700BCE157 /* StartInitialization.m in Sources */ = {isa = PBXBuildFile; fileRef = F7F8449E1E1CCDF700BCE157 /* StartInitialization.m */; };
		F7F844A51E1CD67C00BCE157 /* LeftViewController.m in Sources */ = {isa = PBXBuildFile; fileRef = F7F844A31E1CD67C00BCE157 /* LeftViewController.m */; };
		F7F844A61E1CD67C00BCE157 /* LeftViewController.xib in Resources */ = {isa = PBXBuildFile; fileRef = F7F844A41E1CD67C00BCE157 /* LeftViewController.xib */; };
		F7F844AA1E1CD68700BCE157 /* RightViewController.m in Sources */ = {isa = PBXBuildFile; fileRef = F7F844A81E1CD68700BCE157 /* RightViewController.m */; };
		F7F844AB1E1CD68700BCE157 /* RightViewController.xib in Resources */ = {isa = PBXBuildFile; fileRef = F7F844A91E1CD68700BCE157 /* RightViewController.xib */; };
/* End PBXBuildFile section */

/* Begin PBXFileReference section */
		667EFADBAD339FC09AC892CE /* Pods-BaseProject.debug.xcconfig */ = {isa = PBXFileReference; includeInIndex = 1; lastKnownFileType = text.xcconfig; name = "Pods-BaseProject.debug.xcconfig"; path = "Pods/Target Support Files/Pods-BaseProject/Pods-BaseProject.debug.xcconfig"; sourceTree = "<group>"; };
		99E626C724DB619C896024CC /* libPods-BaseProject.a */ = {isa = PBXFileReference; explicitFileType = archive.ar; includeInIndex = 0; path = "libPods-BaseProject.a"; sourceTree = BUILT_PRODUCTS_DIR; };
		F0B00F118DB07C7E5900A55D /* Pods-BaseProject.release.xcconfig */ = {isa = PBXFileReference; includeInIndex = 1; lastKnownFileType = text.xcconfig; name = "Pods-BaseProject.release.xcconfig"; path = "Pods/Target Support Files/Pods-BaseProject/Pods-BaseProject.release.xcconfig"; sourceTree = "<group>"; };
		F73B3CDC1E1B4E33001AB7C7 /* GuideViewController.h */ = {isa = PBXFileReference; fileEncoding = 4; lastKnownFileType = sourcecode.c.h; path = GuideViewController.h; sourceTree = "<group>"; };
		F73B3CDD1E1B4E33001AB7C7 /* GuideViewController.m */ = {isa = PBXFileReference; fileEncoding = 4; lastKnownFileType = sourcecode.c.objc; path = GuideViewController.m; sourceTree = "<group>"; };
		F73B3CDE1E1B4E33001AB7C7 /* GuideViewController.xib */ = {isa = PBXFileReference; fileEncoding = 4; lastKnownFileType = file.xib; path = GuideViewController.xib; sourceTree = "<group>"; };
		F76E00E21E1645A00053C7A9 /* WMY_InitData.h */ = {isa = PBXFileReference; fileEncoding = 4; lastKnownFileType = sourcecode.c.h; path = WMY_InitData.h; sourceTree = "<group>"; };
		F76E00E31E1645A00053C7A9 /* WMY_InitData.m */ = {isa = PBXFileReference; fileEncoding = 4; lastKnownFileType = sourcecode.c.objc; path = WMY_InitData.m; sourceTree = "<group>"; };
		F76E00E41E1645A00053C7A9 /* WMY_ThirdPartService.h */ = {isa = PBXFileReference; fileEncoding = 4; lastKnownFileType = sourcecode.c.h; path = WMY_ThirdPartService.h; sourceTree = "<group>"; };
		F76E00E51E1645A00053C7A9 /* WMY_ThirdPartService.m */ = {isa = PBXFileReference; fileEncoding = 4; lastKnownFileType = sourcecode.c.objc; path = WMY_ThirdPartService.m; sourceTree = "<group>"; };
		F76E00F51E1646550053C7A9 /* UIViewController+runtime.h */ = {isa = PBXFileReference; fileEncoding = 4; lastKnownFileType = sourcecode.c.h; path = "UIViewController+runtime.h"; sourceTree = "<group>"; };
		F76E00F61E1646550053C7A9 /* UIViewController+runtime.m */ = {isa = PBXFileReference; fileEncoding = 4; lastKnownFileType = sourcecode.c.objc; path = "UIViewController+runtime.m"; sourceTree = "<group>"; };
		F76E00FE1E1652730053C7A9 /* NavigationController.h */ = {isa = PBXFileReference; fileEncoding = 4; lastKnownFileType = sourcecode.c.h; path = NavigationController.h; sourceTree = "<group>"; };
		F76E00FF1E1652730053C7A9 /* NavigationController.m */ = {isa = PBXFileReference; fileEncoding = 4; lastKnownFileType = sourcecode.c.objc; path = NavigationController.m; sourceTree = "<group>"; };
		F76E01011E1653570053C7A9 /* AppDefine.h */ = {isa = PBXFileReference; lastKnownFileType = sourcecode.c.h; path = AppDefine.h; sourceTree = "<group>"; };
		F76E01031E1654100053C7A9 /* Tools.h */ = {isa = PBXFileReference; fileEncoding = 4; lastKnownFileType = sourcecode.c.h; path = Tools.h; sourceTree = "<group>"; };
		F76E01041E1654100053C7A9 /* Tools.m */ = {isa = PBXFileReference; fileEncoding = 4; lastKnownFileType = sourcecode.c.objc; path = Tools.m; sourceTree = "<group>"; };
		F76E01061E1654190053C7A9 /* DocManager.h */ = {isa = PBXFileReference; fileEncoding = 4; lastKnownFileType = sourcecode.c.h; path = DocManager.h; sourceTree = "<group>"; };
		F76E01071E1654190053C7A9 /* DocManager.m */ = {isa = PBXFileReference; fileEncoding = 4; lastKnownFileType = sourcecode.c.objc; path = DocManager.m; sourceTree = "<group>"; };
		F76E01091E1654680053C7A9 /* DatabaseHeader.h */ = {isa = PBXFileReference; lastKnownFileType = sourcecode.c.h; path = DatabaseHeader.h; sourceTree = "<group>"; };
		F76E010A1E1654780053C7A9 /* NetworkingHeader.h */ = {isa = PBXFileReference; lastKnownFileType = sourcecode.c.h; path = NetworkingHeader.h; sourceTree = "<group>"; };
		F76E01101E1654A80053C7A9 /* SideViewController.h */ = {isa = PBXFileReference; fileEncoding = 4; lastKnownFileType = sourcecode.c.h; path = SideViewController.h; sourceTree = "<group>"; };
		F76E01111E1654A80053C7A9 /* SideViewController.m */ = {isa = PBXFileReference; fileEncoding = 4; lastKnownFileType = sourcecode.c.objc; path = SideViewController.m; sourceTree = "<group>"; };
		F76E01121E1654A80053C7A9 /* SideViewController.xib */ = {isa = PBXFileReference; fileEncoding = 4; lastKnownFileType = file.xib; path = SideViewController.xib; sourceTree = "<group>"; };
		F76E01151E1654B60053C7A9 /* LoginViewController.h */ = {isa = PBXFileReference; fileEncoding = 4; lastKnownFileType = sourcecode.c.h; path = LoginViewController.h; sourceTree = "<group>"; };
		F76E01161E1654B60053C7A9 /* LoginViewController.m */ = {isa = PBXFileReference; fileEncoding = 4; lastKnownFileType = sourcecode.c.objc; path = LoginViewController.m; sourceTree = "<group>"; };
		F76E01171E1654B60053C7A9 /* LoginViewController.xib */ = {isa = PBXFileReference; fileEncoding = 4; lastKnownFileType = file.xib; path = LoginViewController.xib; sourceTree = "<group>"; };
		F76E011D1E1654D20053C7A9 /* RootViewController.h */ = {isa = PBXFileReference; fileEncoding = 4; lastKnownFileType = sourcecode.c.h; path = RootViewController.h; sourceTree = "<group>"; };
		F76E011E1E1654D20053C7A9 /* RootViewController.m */ = {isa = PBXFileReference; fileEncoding = 4; lastKnownFileType = sourcecode.c.objc; path = RootViewController.m; sourceTree = "<group>"; };
		F76E011F1E1654D20053C7A9 /* RootViewController.xib */ = {isa = PBXFileReference; fileEncoding = 4; lastKnownFileType = file.xib; path = RootViewController.xib; sourceTree = "<group>"; };
		F76E01221E1654DF0053C7A9 /* MineViewController.h */ = {isa = PBXFileReference; fileEncoding = 4; lastKnownFileType = sourcecode.c.h; path = MineViewController.h; sourceTree = "<group>"; };
		F76E01231E1654DF0053C7A9 /* MineViewController.m */ = {isa = PBXFileReference; fileEncoding = 4; lastKnownFileType = sourcecode.c.objc; path = MineViewController.m; sourceTree = "<group>"; };
		F76E01241E1654DF0053C7A9 /* MineViewController.xib */ = {isa = PBXFileReference; fileEncoding = 4; lastKnownFileType = file.xib; path = MineViewController.xib; sourceTree = "<group>"; };
		F76E01271E1666150053C7A9 /* PrefixHeader.pch */ = {isa = PBXFileReference; lastKnownFileType = sourcecode.c.h; path = PrefixHeader.pch; sourceTree = "<group>"; };
		F77CF6631DD591F10080EEB1 /* BaseProject.app */ = {isa = PBXFileReference; explicitFileType = wrapper.application; includeInIndex = 0; path = BaseProject.app; sourceTree = BUILT_PRODUCTS_DIR; };
		F77CF6671DD591F10080EEB1 /* main.m */ = {isa = PBXFileReference; lastKnownFileType = sourcecode.c.objc; path = main.m; sourceTree = "<group>"; };
		F77CF6691DD591F10080EEB1 /* AppDelegate.h */ = {isa = PBXFileReference; lastKnownFileType = sourcecode.c.h; path = AppDelegate.h; sourceTree = "<group>"; };
		F77CF66A1DD591F10080EEB1 /* AppDelegate.m */ = {isa = PBXFileReference; lastKnownFileType = sourcecode.c.objc; path = AppDelegate.m; sourceTree = "<group>"; };
		F77CF6701DD591F10080EEB1 /* Base */ = {isa = PBXFileReference; lastKnownFileType = file.storyboard; name = Base; path = Base.lproj/Main.storyboard; sourceTree = "<group>"; };
		F77CF6721DD591F10080EEB1 /* Assets.xcassets */ = {isa = PBXFileReference; lastKnownFileType = folder.assetcatalog; path = Assets.xcassets; sourceTree = "<group>"; };
		F77CF6751DD591F10080EEB1 /* Base */ = {isa = PBXFileReference; lastKnownFileType = file.storyboard; name = Base; path = Base.lproj/LaunchScreen.storyboard; sourceTree = "<group>"; };
		F77CF6771DD591F10080EEB1 /* Info.plist */ = {isa = PBXFileReference; lastKnownFileType = text.plist.xml; path = Info.plist; sourceTree = "<group>"; };
		F781C6381E1A5FDC00C1ADD6 /* BaseViewController.h */ = {isa = PBXFileReference; fileEncoding = 4; lastKnownFileType = sourcecode.c.h; path = BaseViewController.h; sourceTree = "<group>"; };
		F781C6391E1A5FDC00C1ADD6 /* BaseViewController.m */ = {isa = PBXFileReference; fileEncoding = 4; lastKnownFileType = sourcecode.c.objc; path = BaseViewController.m; sourceTree = "<group>"; };
		F781C63C1E1A68D200C1ADD6 /* NSObject+Json.h */ = {isa = PBXFileReference; fileEncoding = 4; lastKnownFileType = sourcecode.c.h; path = "NSObject+Json.h"; sourceTree = "<group>"; };
		F781C63D1E1A68D200C1ADD6 /* NSObject+Json.m */ = {isa = PBXFileReference; fileEncoding = 4; lastKnownFileType = sourcecode.c.objc; path = "NSObject+Json.m"; sourceTree = "<group>"; };
		F781C63F1E1A871000C1ADD6 /* MainViewController.h */ = {isa = PBXFileReference; fileEncoding = 4; lastKnownFileType = sourcecode.c.h; path = MainViewController.h; sourceTree = "<group>"; };
		F781C6401E1A871000C1ADD6 /* MainViewController.m */ = {isa = PBXFileReference; fileEncoding = 4; lastKnownFileType = sourcecode.c.objc; path = MainViewController.m; sourceTree = "<group>"; };
		F781C6411E1A871000C1ADD6 /* MainViewController.xib */ = {isa = PBXFileReference; fileEncoding = 4; lastKnownFileType = file.xib; path = MainViewController.xib; sourceTree = "<group>"; };
		F781C6471E1A897400C1ADD6 /* ApiKey.h */ = {isa = PBXFileReference; lastKnownFileType = sourcecode.c.h; path = ApiKey.h; sourceTree = "<group>"; };
		F781C6481E1A897E00C1ADD6 /* HttpDefine.h */ = {isa = PBXFileReference; lastKnownFileType = sourcecode.c.h; path = HttpDefine.h; sourceTree = "<group>"; };
		F781C6491E1A899C00C1ADD6 /* UserDefaultsKey.h */ = {isa = PBXFileReference; fileEncoding = 4; lastKnownFileType = sourcecode.c.h; path = UserDefaultsKey.h; sourceTree = "<group>"; };
		F781C64A1E1A899C00C1ADD6 /* UserDefaultsKey.m */ = {isa = PBXFileReference; fileEncoding = 4; lastKnownFileType = sourcecode.c.objc; path = UserDefaultsKey.m; sourceTree = "<group>"; };
		F781C64F1E1A8ACF00C1ADD6 /* ConstHeader.h */ = {isa = PBXFileReference; lastKnownFileType = sourcecode.c.h; path = ConstHeader.h; sourceTree = "<group>"; };
		F781C6501E1A8B0A00C1ADD6 /* NotificationKey.h */ = {isa = PBXFileReference; fileEncoding = 4; lastKnownFileType = sourcecode.c.h; path = NotificationKey.h; sourceTree = "<group>"; };
		F781C6511E1A8B0A00C1ADD6 /* NotificationKey.m */ = {isa = PBXFileReference; fileEncoding = 4; lastKnownFileType = sourcecode.c.objc; path = NotificationKey.m; sourceTree = "<group>"; };
		F7F8449D1E1CCDF700BCE157 /* StartInitialization.h */ = {isa = PBXFileReference; fileEncoding = 4; lastKnownFileType = sourcecode.c.h; path = StartInitialization.h; sourceTree = "<group>"; };
		F7F8449E1E1CCDF700BCE157 /* StartInitialization.m */ = {isa = PBXFileReference; fileEncoding = 4; lastKnownFileType = sourcecode.c.objc; path = StartInitialization.m; sourceTree = "<group>"; };
		F7F844A21E1CD67C00BCE157 /* LeftViewController.h */ = {isa = PBXFileReference; fileEncoding = 4; lastKnownFileType = sourcecode.c.h; path = LeftViewController.h; sourceTree = "<group>"; };
		F7F844A31E1CD67C00BCE157 /* LeftViewController.m */ = {isa = PBXFileReference; fileEncoding = 4; lastKnownFileType = sourcecode.c.objc; path = LeftViewController.m; sourceTree = "<group>"; };
		F7F844A41E1CD67C00BCE157 /* LeftViewController.xib */ = {isa = PBXFileReference; fileEncoding = 4; lastKnownFileType = file.xib; path = LeftViewController.xib; sourceTree = "<group>"; };
		F7F844A71E1CD68700BCE157 /* RightViewController.h */ = {isa = PBXFileReference; fileEncoding = 4; lastKnownFileType = sourcecode.c.h; path = RightViewController.h; sourceTree = "<group>"; };
		F7F844A81E1CD68700BCE157 /* RightViewController.m */ = {isa = PBXFileReference; fileEncoding = 4; lastKnownFileType = sourcecode.c.objc; path = RightViewController.m; sourceTree = "<group>"; };
		F7F844A91E1CD68700BCE157 /* RightViewController.xib */ = {isa = PBXFileReference; fileEncoding = 4; lastKnownFileType = file.xib; path = RightViewController.xib; sourceTree = "<group>"; };
/* End PBXFileReference section */

/* Begin PBXFrameworksBuildPhase section */
		F77CF6601DD591F10080EEB1 /* Frameworks */ = {
			isa = PBXFrameworksBuildPhase;
			buildActionMask = 2147483647;
			files = (
				DAED8F3E58ED75150BF4294C /* libPods-BaseProject.a in Frameworks */,
			);
			runOnlyForDeploymentPostprocessing = 0;
		};
/* End PBXFrameworksBuildPhase section */

/* Begin PBXGroup section */
		946641A73A01C93083BD5609 /* Pods */ = {
			isa = PBXGroup;
			children = (
				667EFADBAD339FC09AC892CE /* Pods-BaseProject.debug.xcconfig */,
				F0B00F118DB07C7E5900A55D /* Pods-BaseProject.release.xcconfig */,
			);
			name = Pods;
			sourceTree = "<group>";
		};
		F73B3CDB1E1B4C60001AB7C7 /* Guide */ = {
			isa = PBXGroup;
			children = (
				F73B3CDC1E1B4E33001AB7C7 /* GuideViewController.h */,
				F73B3CDD1E1B4E33001AB7C7 /* GuideViewController.m */,
				F73B3CDE1E1B4E33001AB7C7 /* GuideViewController.xib */,
			);
			path = Guide;
			sourceTree = "<group>";
		};
		F76E00D11E1644C30053C7A9 /* Project */ = {
			isa = PBXGroup;
			children = (
				F76E00E01E1645A00053C7A9 /* Common */,
				F76E00E61E1645A00053C7A9 /* Database */,
				F76E00E71E1645A00053C7A9 /* Networking */,
				F76E00E81E1645A00053C7A9 /* Work */,
			);
			path = Project;
			sourceTree = "<group>";
		};
		F76E00E01E1645A00053C7A9 /* Common */ = {
			isa = PBXGroup;
			children = (
				F781C6461E1A894D00C1ADD6 /* Macros */,
				F781C6451E1A894D00C1ADD6 /* Const */,
				F76E00E11E1645A00053C7A9 /* Init */,
			);
			path = Common;
			sourceTree = "<group>";
		};
		F76E00E11E1645A00053C7A9 /* Init */ = {
			isa = PBXGroup;
			children = (
				F76E00E21E1645A00053C7A9 /* WMY_InitData.h */,
				F76E00E31E1645A00053C7A9 /* WMY_InitData.m */,
				F76E00E41E1645A00053C7A9 /* WMY_ThirdPartService.h */,
				F76E00E51E1645A00053C7A9 /* WMY_ThirdPartService.m */,
			);
			path = Init;
			sourceTree = "<group>";
		};
		F76E00E61E1645A00053C7A9 /* Database */ = {
			isa = PBXGroup;
			children = (
				F76E01091E1654680053C7A9 /* DatabaseHeader.h */,
			);
			path = Database;
			sourceTree = "<group>";
		};
		F76E00E71E1645A00053C7A9 /* Networking */ = {
			isa = PBXGroup;
			children = (
				F76E010A1E1654780053C7A9 /* NetworkingHeader.h */,
			);
			path = Networking;
			sourceTree = "<group>";
		};
		F76E00E81E1645A00053C7A9 /* Work */ = {
			isa = PBXGroup;
			children = (
				F73B3CDB1E1B4C60001AB7C7 /* Guide */,
				F76E00ED1E1645A00053C7A9 /* Side */,
				F76E00E91E1645A00053C7A9 /* Login */,
				F76E00EA1E1645A00053C7A9 /* Main */,
				F76E00EB1E1645A00053C7A9 /* Mine */,
			);
			path = Work;
			sourceTree = "<group>";
		};
		F76E00E91E1645A00053C7A9 /* Login */ = {
			isa = PBXGroup;
			children = (
				F76E01151E1654B60053C7A9 /* LoginViewController.h */,
				F76E01161E1654B60053C7A9 /* LoginViewController.m */,
				F76E01171E1654B60053C7A9 /* LoginViewController.xib */,
			);
			path = Login;
			sourceTree = "<group>";
		};
		F76E00EA1E1645A00053C7A9 /* Main */ = {
			isa = PBXGroup;
			children = (
				F76E011D1E1654D20053C7A9 /* RootViewController.h */,
				F76E011E1E1654D20053C7A9 /* RootViewController.m */,
				F76E011F1E1654D20053C7A9 /* RootViewController.xib */,
				F781C63F1E1A871000C1ADD6 /* MainViewController.h */,
				F781C6401E1A871000C1ADD6 /* MainViewController.m */,
				F781C6411E1A871000C1ADD6 /* MainViewController.xib */,
			);
			path = Main;
			sourceTree = "<group>";
		};
		F76E00EB1E1645A00053C7A9 /* Mine */ = {
			isa = PBXGroup;
			children = (
				F76E01221E1654DF0053C7A9 /* MineViewController.h */,
				F76E01231E1654DF0053C7A9 /* MineViewController.m */,
				F76E01241E1654DF0053C7A9 /* MineViewController.xib */,
			);
			path = Mine;
			sourceTree = "<group>";
		};
		F76E00ED1E1645A00053C7A9 /* Side */ = {
			isa = PBXGroup;
			children = (
				F76E01101E1654A80053C7A9 /* SideViewController.h */,
				F76E01111E1654A80053C7A9 /* SideViewController.m */,
				F76E01121E1654A80053C7A9 /* SideViewController.xib */,
				F7F844A01E1CD63F00BCE157 /* Left */,
				F7F844A11E1CD63F00BCE157 /* Right */,
			);
			path = Side;
			sourceTree = "<group>";
		};
		F76E00F01E1646550053C7A9 /* Lib */ = {
			isa = PBXGroup;
			children = (
			);
			path = Lib;
			sourceTree = "<group>";
		};
		F76E00F11E1646550053C7A9 /* Public */ = {
			isa = PBXGroup;
			children = (
				F7F844961E1C8A5800BCE157 /* Init */,
				F76E00F81E1646550053C7A9 /* Macros */,
				F76E00F91E1646550053C7A9 /* Tools */,
				F76E00F31E1646550053C7A9 /* Category */,
				F76E00F21E1646550053C7A9 /* Base */,
				F76E00F71E1646550053C7A9 /* Custom */,
			);
			path = Public;
			sourceTree = "<group>";
		};
		F76E00F21E1646550053C7A9 /* Base */ = {
			isa = PBXGroup;
			children = (
				F76E00FE1E1652730053C7A9 /* NavigationController.h */,
				F76E00FF1E1652730053C7A9 /* NavigationController.m */,
				F781C6381E1A5FDC00C1ADD6 /* BaseViewController.h */,
				F781C6391E1A5FDC00C1ADD6 /* BaseViewController.m */,
			);
			path = Base;
			sourceTree = "<group>";
		};
		F76E00F31E1646550053C7A9 /* Category */ = {
			isa = PBXGroup;
			children = (
				F781C63B1E1A68A300C1ADD6 /* NSObject */,
				F76E00F41E1646550053C7A9 /* UIViewController */,
			);
			path = Category;
			sourceTree = "<group>";
		};
		F76E00F41E1646550053C7A9 /* UIViewController */ = {
			isa = PBXGroup;
			children = (
				F76E00F51E1646550053C7A9 /* UIViewController+runtime.h */,
				F76E00F61E1646550053C7A9 /* UIViewController+runtime.m */,
			);
			path = UIViewController;
			sourceTree = "<group>";
		};
		F76E00F71E1646550053C7A9 /* Custom */ = {
			isa = PBXGroup;
			children = (
			);
			path = Custom;
			sourceTree = "<group>";
		};
		F76E00F81E1646550053C7A9 /* Macros */ = {
			isa = PBXGroup;
			children = (
				F76E01011E1653570053C7A9 /* AppDefine.h */,
			);
			path = Macros;
			sourceTree = "<group>";
		};
		F76E00F91E1646550053C7A9 /* Tools */ = {
			isa = PBXGroup;
			children = (
				F76E01031E1654100053C7A9 /* Tools.h */,
				F76E01041E1654100053C7A9 /* Tools.m */,
				F76E01061E1654190053C7A9 /* DocManager.h */,
				F76E01071E1654190053C7A9 /* DocManager.m */,
			);
			path = Tools;
			sourceTree = "<group>";
		};
		F77CF65A1DD591F10080EEB1 = {
			isa = PBXGroup;
			children = (
				F77CF6651DD591F10080EEB1 /* BaseProject */,
				F77CF6641DD591F10080EEB1 /* Products */,
				946641A73A01C93083BD5609 /* Pods */,
				FF222BB8AE6651945EFF71BA /* Frameworks */,
			);
			sourceTree = "<group>";
		};
		F77CF6641DD591F10080EEB1 /* Products */ = {
			isa = PBXGroup;
			children = (
				F77CF6631DD591F10080EEB1 /* BaseProject.app */,
			);
			name = Products;
			sourceTree = "<group>";
		};
		F77CF6651DD591F10080EEB1 /* BaseProject */ = {
			isa = PBXGroup;
			children = (
				F77CF6B01DD5A75E0080EEB1 /* Resource */,
				F76E00F01E1646550053C7A9 /* Lib */,
				F76E00F11E1646550053C7A9 /* Public */,
				F76E00D11E1644C30053C7A9 /* Project */,
				F77CF6691DD591F10080EEB1 /* AppDelegate.h */,
				F77CF66A1DD591F10080EEB1 /* AppDelegate.m */,
				F77CF66F1DD591F10080EEB1 /* Main.storyboard */,
				F77CF6661DD591F10080EEB1 /* Supporting Files */,
			);
			path = BaseProject;
			sourceTree = "<group>";
		};
		F77CF6661DD591F10080EEB1 /* Supporting Files */ = {
			isa = PBXGroup;
			children = (
				F77CF6721DD591F10080EEB1 /* Assets.xcassets */,
				F77CF6741DD591F10080EEB1 /* LaunchScreen.storyboard */,
				F77CF6771DD591F10080EEB1 /* Info.plist */,
				F77CF6671DD591F10080EEB1 /* main.m */,
				F76E01271E1666150053C7A9 /* PrefixHeader.pch */,
			);
			name = "Supporting Files";
			sourceTree = "<group>";
		};
		F77CF6B01DD5A75E0080EEB1 /* Resource */ = {
			isa = PBXGroup;
			children = (
				F77CF6B11DD5A75E0080EEB1 /* Html */,
				F77CF6B21DD5A75E0080EEB1 /* Image */,
			);
			path = Resource;
			sourceTree = "<group>";
		};
		F77CF6B11DD5A75E0080EEB1 /* Html */ = {
			isa = PBXGroup;
			children = (
			);
			path = Html;
			sourceTree = "<group>";
		};
		F77CF6B21DD5A75E0080EEB1 /* Image */ = {
			isa = PBXGroup;
			children = (
			);
			path = Image;
			sourceTree = "<group>";
		};
		F781C63B1E1A68A300C1ADD6 /* NSObject */ = {
			isa = PBXGroup;
			children = (
				F781C63C1E1A68D200C1ADD6 /* NSObject+Json.h */,
				F781C63D1E1A68D200C1ADD6 /* NSObject+Json.m */,
			);
			path = NSObject;
			sourceTree = "<group>";
		};
		F781C6451E1A894D00C1ADD6 /* Const */ = {
			isa = PBXGroup;
			children = (
				F781C64F1E1A8ACF00C1ADD6 /* ConstHeader.h */,
				F781C6491E1A899C00C1ADD6 /* UserDefaultsKey.h */,
				F781C64A1E1A899C00C1ADD6 /* UserDefaultsKey.m */,
				F781C6501E1A8B0A00C1ADD6 /* NotificationKey.h */,
				F781C6511E1A8B0A00C1ADD6 /* NotificationKey.m */,
			);
			path = Const;
			sourceTree = "<group>";
		};
		F781C6461E1A894D00C1ADD6 /* Macros */ = {
			isa = PBXGroup;
			children = (
				F781C6471E1A897400C1ADD6 /* ApiKey.h */,
				F781C6481E1A897E00C1ADD6 /* HttpDefine.h */,
			);
			path = Macros;
			sourceTree = "<group>";
		};
		F7F844961E1C8A5800BCE157 /* Init */ = {
			isa = PBXGroup;
			children = (
				F7F8449D1E1CCDF700BCE157 /* StartInitialization.h */,
				F7F8449E1E1CCDF700BCE157 /* StartInitialization.m */,
			);
			path = Init;
			sourceTree = "<group>";
		};
		F7F844A01E1CD63F00BCE157 /* Left */ = {
			isa = PBXGroup;
			children = (
				F7F844A21E1CD67C00BCE157 /* LeftViewController.h */,
				F7F844A31E1CD67C00BCE157 /* LeftViewController.m */,
				F7F844A41E1CD67C00BCE157 /* LeftViewController.xib */,
			);
			path = Left;
			sourceTree = "<group>";
		};
		F7F844A11E1CD63F00BCE157 /* Right */ = {
			isa = PBXGroup;
			children = (
				F7F844A71E1CD68700BCE157 /* RightViewController.h */,
				F7F844A81E1CD68700BCE157 /* RightViewController.m */,
				F7F844A91E1CD68700BCE157 /* RightViewController.xib */,
			);
			path = Right;
			sourceTree = "<group>";
		};
		FF222BB8AE6651945EFF71BA /* Frameworks */ = {
			isa = PBXGroup;
			children = (
				99E626C724DB619C896024CC /* libPods-BaseProject.a */,
			);
			name = Frameworks;
			sourceTree = "<group>";
		};
/* End PBXGroup section */

/* Begin PBXNativeTarget section */
		F77CF6621DD591F10080EEB1 /* BaseProject */ = {
			isa = PBXNativeTarget;
			buildConfigurationList = F77CF67A1DD591F10080EEB1 /* Build configuration list for PBXNativeTarget "BaseProject" */;
			buildPhases = (
				F308E5BA8762B3F1594D371A /* [CP] Check Pods Manifest.lock */,
				F77CF65F1DD591F10080EEB1 /* Sources */,
				F77CF6601DD591F10080EEB1 /* Frameworks */,
				F77CF6611DD591F10080EEB1 /* Resources */,
				3D6EDFCA3395C26E4CAF469B /* [CP] Embed Pods Frameworks */,
				8DDAD0540BA9920224401DC8 /* [CP] Copy Pods Resources */,
			);
			buildRules = (
			);
			dependencies = (
			);
			name = BaseProject;
			productName = BaseProject;
			productReference = F77CF6631DD591F10080EEB1 /* BaseProject.app */;
			productType = "com.apple.product-type.application";
		};
/* End PBXNativeTarget section */

/* Begin PBXProject section */
		F77CF65B1DD591F10080EEB1 /* Project object */ = {
			isa = PBXProject;
			attributes = {
				LastUpgradeCheck = 0820;
				ORGANIZATIONNAME = Wmy;
				TargetAttributes = {
					F77CF6621DD591F10080EEB1 = {
						CreatedOnToolsVersion = 8.0;
						DevelopmentTeam = 55352BP77R;
						ProvisioningStyle = Automatic;
					};
				};
			};
			buildConfigurationList = F77CF65E1DD591F10080EEB1 /* Build configuration list for PBXProject "BaseProject" */;
			compatibilityVersion = "Xcode 3.2";
			developmentRegion = English;
			hasScannedForEncodings = 0;
			knownRegions = (
				en,
				Base,
			);
			mainGroup = F77CF65A1DD591F10080EEB1;
			productRefGroup = F77CF6641DD591F10080EEB1 /* Products */;
			projectDirPath = "";
			projectRoot = "";
			targets = (
				F77CF6621DD591F10080EEB1 /* BaseProject */,
			);
		};
/* End PBXProject section */

/* Begin PBXResourcesBuildPhase section */
		F77CF6611DD591F10080EEB1 /* Resources */ = {
			isa = PBXResourcesBuildPhase;
			buildActionMask = 2147483647;
			files = (
				F77CF6761DD591F10080EEB1 /* LaunchScreen.storyboard in Resources */,
				F76E01141E1654A80053C7A9 /* SideViewController.xib in Resources */,
				F76E01191E1654B60053C7A9 /* LoginViewController.xib in Resources */,
				F7F844AB1E1CD68700BCE157 /* RightViewController.xib in Resources */,
				F73B3CE01E1B4E33001AB7C7 /* GuideViewController.xib in Resources */,
				F77CF6731DD591F10080EEB1 /* Assets.xcassets in Resources */,
				F781C6431E1A871000C1ADD6 /* MainViewController.xib in Resources */,
				F76E01211E1654D20053C7A9 /* RootViewController.xib in Resources */,
				F7F844A61E1CD67C00BCE157 /* LeftViewController.xib in Resources */,
				F77CF6711DD591F10080EEB1 /* Main.storyboard in Resources */,
				F76E01261E1654DF0053C7A9 /* MineViewController.xib in Resources */,
			);
			runOnlyForDeploymentPostprocessing = 0;
		};
/* End PBXResourcesBuildPhase section */

/* Begin PBXShellScriptBuildPhase section */
		3D6EDFCA3395C26E4CAF469B /* [CP] Embed Pods Frameworks */ = {
			isa = PBXShellScriptBuildPhase;
			buildActionMask = 2147483647;
			files = (
			);
			inputPaths = (
			);
			name = "[CP] Embed Pods Frameworks";
			outputPaths = (
			);
			runOnlyForDeploymentPostprocessing = 0;
			shellPath = /bin/sh;
			shellScript = "\"${SRCROOT}/Pods/Target Support Files/Pods-BaseProject/Pods-BaseProject-frameworks.sh\"\n";
			showEnvVarsInLog = 0;
		};
		8DDAD0540BA9920224401DC8 /* [CP] Copy Pods Resources */ = {
			isa = PBXShellScriptBuildPhase;
			buildActionMask = 2147483647;
			files = (
			);
			inputPaths = (
			);
			name = "[CP] Copy Pods Resources";
			outputPaths = (
			);
			runOnlyForDeploymentPostprocessing = 0;
			shellPath = /bin/sh;
			shellScript = "\"${SRCROOT}/Pods/Target Support Files/Pods-BaseProject/Pods-BaseProject-resources.sh\"\n";
			showEnvVarsInLog = 0;
		};
		F308E5BA8762B3F1594D371A /* [CP] Check Pods Manifest.lock */ = {
			isa = PBXShellScriptBuildPhase;
			buildActionMask = 2147483647;
			files = (
			);
			inputPaths = (
			);
			name = "[CP] Check Pods Manifest.lock";
			outputPaths = (
			);
			runOnlyForDeploymentPostprocessing = 0;
			shellPath = /bin/sh;
			shellScript = "diff \"${PODS_ROOT}/../Podfile.lock\" \"${PODS_ROOT}/Manifest.lock\" > /dev/null\nif [ $? != 0 ] ; then\n    # print error to STDERR\n    echo \"error: The sandbox is not in sync with the Podfile.lock. Run 'pod install' or update your CocoaPods installation.\" >&2\n    exit 1\nfi\n";
			showEnvVarsInLog = 0;
		};
/* End PBXShellScriptBuildPhase section */

/* Begin PBXSourcesBuildPhase section */
		F77CF65F1DD591F10080EEB1 /* Sources */ = {
			isa = PBXSourcesBuildPhase;
			buildActionMask = 2147483647;
			files = (
				F76E00EF1E1645A00053C7A9 /* WMY_ThirdPartService.m in Sources */,
				F76E01251E1654DF0053C7A9 /* MineViewController.m in Sources */,
				F76E00FA1E1646550053C7A9 /* UIViewController+runtime.m in Sources */,
				F76E01081E1654190053C7A9 /* DocManager.m in Sources */,
				F76E01051E1654100053C7A9 /* Tools.m in Sources */,
				F77CF66B1DD591F10080EEB1 /* AppDelegate.m in Sources */,
				F73B3CDF1E1B4E33001AB7C7 /* GuideViewController.m in Sources */,
				F77CF6681DD591F10080EEB1 /* main.m in Sources */,
				F7F844AA1E1CD68700BCE157 /* RightViewController.m in Sources */,
				F781C63A1E1A5FDC00C1ADD6 /* BaseViewController.m in Sources */,
				F76E01131E1654A80053C7A9 /* SideViewController.m in Sources */,
				F76E01181E1654B60053C7A9 /* LoginViewController.m in Sources */,
				F781C6421E1A871000C1ADD6 /* MainViewController.m in Sources */,
				F781C63E1E1A68D200C1ADD6 /* NSObject+Json.m in Sources */,
				F7F8449F1E1CCDF700BCE157 /* StartInitialization.m in Sources */,
				F781C6521E1A8B0A00C1ADD6 /* NotificationKey.m in Sources */,
				F76E01201E1654D20053C7A9 /* RootViewController.m in Sources */,
				F76E00EE1E1645A00053C7A9 /* WMY_InitData.m in Sources */,
				F7F844A51E1CD67C00BCE157 /* LeftViewController.m in Sources */,
				F781C64B1E1A899C00C1ADD6 /* UserDefaultsKey.m in Sources */,
				F76E01001E1652730053C7A9 /* NavigationController.m in Sources */,
			);
			runOnlyForDeploymentPostprocessing = 0;
		};
/* End PBXSourcesBuildPhase section */

/* Begin PBXVariantGroup section */
		F77CF66F1DD591F10080EEB1 /* Main.storyboard */ = {
			isa = PBXVariantGroup;
			children = (
				F77CF6701DD591F10080EEB1 /* Base */,
			);
			name = Main.storyboard;
			sourceTree = "<group>";
		};
		F77CF6741DD591F10080EEB1 /* LaunchScreen.storyboard */ = {
			isa = PBXVariantGroup;
			children = (
				F77CF6751DD591F10080EEB1 /* Base */,
			);
			name = LaunchScreen.storyboard;
			sourceTree = "<group>";
		};
/* End PBXVariantGroup section */

/* Begin XCBuildConfiguration section */
		F77CF6781DD591F10080EEB1 /* Debug */ = {
			isa = XCBuildConfiguration;
			buildSettings = {
				ALWAYS_SEARCH_USER_PATHS = NO;
				CLANG_ANALYZER_NONNULL = YES;
				CLANG_CXX_LANGUAGE_STANDARD = "gnu++0x";
				CLANG_CXX_LIBRARY = "libc++";
				CLANG_ENABLE_MODULES = YES;
				CLANG_ENABLE_OBJC_ARC = YES;
				CLANG_WARN_BOOL_CONVERSION = YES;
				CLANG_WARN_CONSTANT_CONVERSION = YES;
				CLANG_WARN_DIRECT_OBJC_ISA_USAGE = YES_ERROR;
				CLANG_WARN_DOCUMENTATION_COMMENTS = YES;
				CLANG_WARN_EMPTY_BODY = YES;
				CLANG_WARN_ENUM_CONVERSION = YES;
				CLANG_WARN_INFINITE_RECURSION = YES;
				CLANG_WARN_INT_CONVERSION = YES;
				CLANG_WARN_OBJC_ROOT_CLASS = YES_ERROR;
				CLANG_WARN_SUSPICIOUS_MOVE = YES;
				CLANG_WARN_SUSPICIOUS_MOVES = YES;
				CLANG_WARN_UNREACHABLE_CODE = YES;
				CLANG_WARN__DUPLICATE_METHOD_MATCH = YES;
				"CODE_SIGN_IDENTITY[sdk=iphoneos*]" = "iPhone Developer";
				COPY_PHASE_STRIP = NO;
				DEBUG_INFORMATION_FORMAT = dwarf;
				ENABLE_STRICT_OBJC_MSGSEND = YES;
				ENABLE_TESTABILITY = YES;
				GCC_C_LANGUAGE_STANDARD = gnu99;
				GCC_DYNAMIC_NO_PIC = NO;
				GCC_NO_COMMON_BLOCKS = YES;
				GCC_OPTIMIZATION_LEVEL = 0;
				GCC_PREPROCESSOR_DEFINITIONS = (
					"DEBUG=1",
					"$(inherited)",
				);
				GCC_WARN_64_TO_32_BIT_CONVERSION = YES;
				GCC_WARN_ABOUT_RETURN_TYPE = YES_ERROR;
				GCC_WARN_UNDECLARED_SELECTOR = YES;
				GCC_WARN_UNINITIALIZED_AUTOS = YES_AGGRESSIVE;
				GCC_WARN_UNUSED_FUNCTION = YES;
				GCC_WARN_UNUSED_VARIABLE = YES;
				IPHONEOS_DEPLOYMENT_TARGET = 10.0;
				MTL_ENABLE_DEBUG_INFO = YES;
				ONLY_ACTIVE_ARCH = YES;
				SDKROOT = iphoneos;
				TARGETED_DEVICE_FAMILY = "1,2";
			};
			name = Debug;
		};
		F77CF6791DD591F10080EEB1 /* Release */ = {
			isa = XCBuildConfiguration;
			buildSettings = {
				ALWAYS_SEARCH_USER_PATHS = NO;
				CLANG_ANALYZER_NONNULL = YES;
				CLANG_CXX_LANGUAGE_STANDARD = "gnu++0x";
				CLANG_CXX_LIBRARY = "libc++";
				CLANG_ENABLE_MODULES = YES;
				CLANG_ENABLE_OBJC_ARC = YES;
				CLANG_WARN_BOOL_CONVERSION = YES;
				CLANG_WARN_CONSTANT_CONVERSION = YES;
				CLANG_WARN_DIRECT_OBJC_ISA_USAGE = YES_ERROR;
				CLANG_WARN_DOCUMENTATION_COMMENTS = YES;
				CLANG_WARN_EMPTY_BODY = YES;
				CLANG_WARN_ENUM_CONVERSION = YES;
				CLANG_WARN_INFINITE_RECURSION = YES;
				CLANG_WARN_INT_CONVERSION = YES;
				CLANG_WARN_OBJC_ROOT_CLASS = YES_ERROR;
				CLANG_WARN_SUSPICIOUS_MOVE = YES;
				CLANG_WARN_SUSPICIOUS_MOVES = YES;
				CLANG_WARN_UNREACHABLE_CODE = YES;
				CLANG_WARN__DUPLICATE_METHOD_MATCH = YES;
				"CODE_SIGN_IDENTITY[sdk=iphoneos*]" = "iPhone Developer";
				COPY_PHASE_STRIP = NO;
				DEBUG_INFORMATION_FORMAT = "dwarf-with-dsym";
				ENABLE_NS_ASSERTIONS = NO;
				ENABLE_STRICT_OBJC_MSGSEND = YES;
				GCC_C_LANGUAGE_STANDARD = gnu99;
				GCC_NO_COMMON_BLOCKS = YES;
				GCC_WARN_64_TO_32_BIT_CONVERSION = YES;
				GCC_WARN_ABOUT_RETURN_TYPE = YES_ERROR;
				GCC_WARN_UNDECLARED_SELECTOR = YES;
				GCC_WARN_UNINITIALIZED_AUTOS = YES_AGGRESSIVE;
				GCC_WARN_UNUSED_FUNCTION = YES;
				GCC_WARN_UNUSED_VARIABLE = YES;
				IPHONEOS_DEPLOYMENT_TARGET = 10.0;
				MTL_ENABLE_DEBUG_INFO = NO;
				SDKROOT = iphoneos;
				TARGETED_DEVICE_FAMILY = "1,2";
				VALIDATE_PRODUCT = YES;
			};
			name = Release;
		};
		F77CF67B1DD591F10080EEB1 /* Debug */ = {
			isa = XCBuildConfiguration;
			baseConfigurationReference = 667EFADBAD339FC09AC892CE /* Pods-BaseProject.debug.xcconfig */;
			buildSettings = {
				ASSETCATALOG_COMPILER_APPICON_NAME = AppIcon;
				DEVELOPMENT_TEAM = 55352BP77R;
				GCC_PREFIX_HEADER = BaseProject/PrefixHeader.pch;
				INFOPLIST_FILE = BaseProject/Info.plist;
				IPHONEOS_DEPLOYMENT_TARGET = 8.0;
				LD_RUNPATH_SEARCH_PATHS = "$(inherited) @executable_path/Frameworks";
				PRODUCT_BUNDLE_IDENTIFIER = sharing.BaseProject;
				PRODUCT_NAME = "$(TARGET_NAME)";
			};
			name = Debug;
		};
		F77CF67C1DD591F10080EEB1 /* Release */ = {
			isa = XCBuildConfiguration;
			baseConfigurationReference = F0B00F118DB07C7E5900A55D /* Pods-BaseProject.release.xcconfig */;
			buildSettings = {
				ASSETCATALOG_COMPILER_APPICON_NAME = AppIcon;
				DEVELOPMENT_TEAM = 55352BP77R;
				GCC_PREFIX_HEADER = BaseProject/PrefixHeader.pch;
				INFOPLIST_FILE = BaseProject/Info.plist;
				IPHONEOS_DEPLOYMENT_TARGET = 8.0;
				LD_RUNPATH_SEARCH_PATHS = "$(inherited) @executable_path/Frameworks";
				PRODUCT_BUNDLE_IDENTIFIER = sharing.BaseProject;
				PRODUCT_NAME = "$(TARGET_NAME)";
			};
			name = Release;
		};
/* End XCBuildConfiguration section */

/* Begin XCConfigurationList section */
		F77CF65E1DD591F10080EEB1 /* Build configuration list for PBXProject "BaseProject" */ = {
			isa = XCConfigurationList;
			buildConfigurations = (
				F77CF6781DD591F10080EEB1 /* Debug */,
				F77CF6791DD591F10080EEB1 /* Release */,
			);
			defaultConfigurationIsVisible = 0;
			defaultConfigurationName = Release;
		};
		F77CF67A1DD591F10080EEB1 /* Build configuration list for PBXNativeTarget "BaseProject" */ = {
			isa = XCConfigurationList;
			buildConfigurations = (
				F77CF67B1DD591F10080EEB1 /* Debug */,
				F77CF67C1DD591F10080EEB1 /* Release */,
			);
			defaultConfigurationIsVisible = 0;
			defaultConfigurationName = Release;
		};
/* End XCConfigurationList section */
	};
	rootObject = F77CF65B1DD591F10080EEB1 /* Project object */;
}
